// !$*UTF8*$!
{
	archiveVersion = 1;
	classes = {
	};
	objectVersion = 46;
	objects = {

/* Begin PBXBuildFile section */
		60E5996C6FCB0D0ED107FF6C /* libPods-HuoYuan.a in Frameworks */ = {isa = PBXBuildFile; fileRef = 8222804C649BBC1BF111E037 /* libPods-HuoYuan.a */; };
		DF1B4FD71C45279F002DE6AD /* SettingDefaultPage.m in Sources */ = {isa = PBXBuildFile; fileRef = DF1B4FD61C45279F002DE6AD /* SettingDefaultPage.m */; };
		DF3771CE1C55CA5000B1EB19 /* icon_mobile_phone@2x.png in Resources */ = {isa = PBXBuildFile; fileRef = DF3771CC1C55CA5000B1EB19 /* icon_mobile_phone@2x.png */; };
		DF3771CF1C55CA5000B1EB19 /* icon_api_test@2x.png in Resources */ = {isa = PBXBuildFile; fileRef = DF3771CD1C55CA5000B1EB19 /* icon_api_test@2x.png */; };
		DF3771D51C55CF1F00B1EB19 /* launch_img_640x960.png in Resources */ = {isa = PBXBuildFile; fileRef = DF3771D41C55CF1F00B1EB19 /* launch_img_640x960.png */; };
		DF3771DD1C55EA1100B1EB19 /* app_icon_152x152.png in Resources */ = {isa = PBXBuildFile; fileRef = DF3771D61C55EA1100B1EB19 /* app_icon_152x152.png */; };
		DF3771DE1C55EA1100B1EB19 /* app_icon_144x144.png in Resources */ = {isa = PBXBuildFile; fileRef = DF3771D71C55EA1100B1EB19 /* app_icon_144x144.png */; };
		DF3771DF1C55EA1100B1EB19 /* app_icon_120x120.png in Resources */ = {isa = PBXBuildFile; fileRef = DF3771D81C55EA1100B1EB19 /* app_icon_120x120.png */; };
		DF3771E01C55EA1100B1EB19 /* app_icon_114x114.png in Resources */ = {isa = PBXBuildFile; fileRef = DF3771D91C55EA1100B1EB19 /* app_icon_114x114.png */; };
		DF3771E11C55EA1100B1EB19 /* app_icon_76x76.png in Resources */ = {isa = PBXBuildFile; fileRef = DF3771DA1C55EA1100B1EB19 /* app_icon_76x76.png */; };
		DF3771E21C55EA1100B1EB19 /* app_icon_72x72.png in Resources */ = {isa = PBXBuildFile; fileRef = DF3771DB1C55EA1100B1EB19 /* app_icon_72x72.png */; };
		DF3771E31C55EA1100B1EB19 /* app_icon_57x57.png in Resources */ = {isa = PBXBuildFile; fileRef = DF3771DC1C55EA1100B1EB19 /* app_icon_57x57.png */; };
		DF7A83481C7B0DEF007ABAE7 /* DealPasswordView.m in Sources */ = {isa = PBXBuildFile; fileRef = DF7A83461C7B0DEF007ABAE7 /* DealPasswordView.m */; };
		DF7A834C1C7BF399007ABAE7 /* phone_alert_title_icon@2x.png in Resources */ = {isa = PBXBuildFile; fileRef = DF7A834B1C7BF399007ABAE7 /* phone_alert_title_icon@2x.png */; };
		DF7A83541C7BF821007ABAE7 /* BaiduMapAPI_Base.framework in Frameworks */ = {isa = PBXBuildFile; fileRef = DF7A834D1C7BF821007ABAE7 /* BaiduMapAPI_Base.framework */; };
		DF7A83551C7BF821007ABAE7 /* BaiduMapAPI_Cloud.framework in Frameworks */ = {isa = PBXBuildFile; fileRef = DF7A834E1C7BF821007ABAE7 /* BaiduMapAPI_Cloud.framework */; };
		DF7A83561C7BF821007ABAE7 /* BaiduMapAPI_Location.framework in Frameworks */ = {isa = PBXBuildFile; fileRef = DF7A834F1C7BF821007ABAE7 /* BaiduMapAPI_Location.framework */; };
		DF7A83571C7BF821007ABAE7 /* BaiduMapAPI_Map.framework in Frameworks */ = {isa = PBXBuildFile; fileRef = DF7A83501C7BF821007ABAE7 /* BaiduMapAPI_Map.framework */; };
		DF7A83581C7BF821007ABAE7 /* BaiduMapAPI_Radar.framework in Frameworks */ = {isa = PBXBuildFile; fileRef = DF7A83511C7BF821007ABAE7 /* BaiduMapAPI_Radar.framework */; };
		DF7A83591C7BF821007ABAE7 /* BaiduMapAPI_Search.framework in Frameworks */ = {isa = PBXBuildFile; fileRef = DF7A83521C7BF821007ABAE7 /* BaiduMapAPI_Search.framework */; };
		DF7A835A1C7BF821007ABAE7 /* BaiduMapAPI_Utils.framework in Frameworks */ = {isa = PBXBuildFile; fileRef = DF7A83531C7BF821007ABAE7 /* BaiduMapAPI_Utils.framework */; };
		DF7A835C1C7BF953007ABAE7 /* mapapi.bundle in Resources */ = {isa = PBXBuildFile; fileRef = DF7A835B1C7BF953007ABAE7 /* mapapi.bundle */; };
		DF7A835E1C7C06EC007ABAE7 /* CoreLocation.framework in Frameworks */ = {isa = PBXBuildFile; fileRef = DF7A835D1C7C06EC007ABAE7 /* CoreLocation.framework */; };
		DF7A83601C7C06F8007ABAE7 /* QuartzCore.framework in Frameworks */ = {isa = PBXBuildFile; fileRef = DF7A835F1C7C06F8007ABAE7 /* QuartzCore.framework */; };
		DF7A83621C7C0701007ABAE7 /* OpenGLES.framework in Frameworks */ = {isa = PBXBuildFile; fileRef = DF7A83611C7C0701007ABAE7 /* OpenGLES.framework */; };
		DF7A83641C7C070B007ABAE7 /* SystemConfiguration.framework in Frameworks */ = {isa = PBXBuildFile; fileRef = DF7A83631C7C070B007ABAE7 /* SystemConfiguration.framework */; };
		DF7A83661C7C071B007ABAE7 /* CoreGraphics.framework in Frameworks */ = {isa = PBXBuildFile; fileRef = DF7A83651C7C071B007ABAE7 /* CoreGraphics.framework */; };
		DF7A83681C7C0727007ABAE7 /* Security.framework in Frameworks */ = {isa = PBXBuildFile; fileRef = DF7A83671C7C0727007ABAE7 /* Security.framework */; };
		DF7A836A1C7C0733007ABAE7 /* libsqlite3.0.tbd in Frameworks */ = {isa = PBXBuildFile; fileRef = DF7A83691C7C0733007ABAE7 /* libsqlite3.0.tbd */; };
		DF7A836C1C7C0743007ABAE7 /* CoreTelephony.framework in Frameworks */ = {isa = PBXBuildFile; fileRef = DF7A836B1C7C0743007ABAE7 /* CoreTelephony.framework */; };
		DF7A836E1C7C074D007ABAE7 /* libstdc++.6.0.9.tbd in Frameworks */ = {isa = PBXBuildFile; fileRef = DF7A836D1C7C074D007ABAE7 /* libstdc++.6.0.9.tbd */; };
		DF7A83741C7C091C007ABAE7 /* app_launch_image@2x.png in Resources */ = {isa = PBXBuildFile; fileRef = DF7A83731C7C091C007ABAE7 /* app_launch_image@2x.png */; };
		DF7A83781C7C163F007ABAE7 /* app_launch_image@3x.png in Resources */ = {isa = PBXBuildFile; fileRef = DF7A83771C7C163F007ABAE7 /* app_launch_image@3x.png */; };
		DF7A839A1C7C2C32007ABAE7 /* zbar-back.png in Resources */ = {isa = PBXBuildFile; fileRef = DF7A83951C7C2C32007ABAE7 /* zbar-back.png */; };
		DF7A839B1C7C2C32007ABAE7 /* zbar-help.html in Resources */ = {isa = PBXBuildFile; fileRef = DF7A83961C7C2C32007ABAE7 /* zbar-help.html */; };
		DF7A839C1C7C2C32007ABAE7 /* zbar-helpicons.png in Resources */ = {isa = PBXBuildFile; fileRef = DF7A83971C7C2C32007ABAE7 /* zbar-helpicons.png */; };
		DF7A839D1C7C2C32007ABAE7 /* zbar-samples.png in Resources */ = {isa = PBXBuildFile; fileRef = DF7A83981C7C2C32007ABAE7 /* zbar-samples.png */; };
		DF7A839F1C7C6492007ABAE7 /* AVFoundation.framework in Frameworks */ = {isa = PBXBuildFile; fileRef = DF7A839E1C7C6492007ABAE7 /* AVFoundation.framework */; };
		DF7A83A11C7C64A2007ABAE7 /* CoreMedia.framework in Frameworks */ = {isa = PBXBuildFile; fileRef = DF7A83A01C7C64A2007ABAE7 /* CoreMedia.framework */; };
		DF7A83A31C7C64AA007ABAE7 /* CoreAudio.framework in Frameworks */ = {isa = PBXBuildFile; fileRef = DF7A83A21C7C64AA007ABAE7 /* CoreAudio.framework */; };
		DF7A83A51C7C64B5007ABAE7 /* CoreVideo.framework in Frameworks */ = {isa = PBXBuildFile; fileRef = DF7A83A41C7C64B5007ABAE7 /* CoreVideo.framework */; };
		DF7A83A71C7C64CF007ABAE7 /* libiconv.2.4.0.tbd in Frameworks */ = {isa = PBXBuildFile; fileRef = DF7A83A61C7C64CF007ABAE7 /* libiconv.2.4.0.tbd */; };
		DF7A83AA1C7D4DD1007ABAE7 /* libzbar.a in Frameworks */ = {isa = PBXBuildFile; fileRef = DF7A83931C7C2C32007ABAE7 /* libzbar.a */; };
		DF7A83AD1C7D5723007ABAE7 /* WebViewController.m in Sources */ = {isa = PBXBuildFile; fileRef = DF7A83AC1C7D5723007ABAE7 /* WebViewController.m */; };
		DF7A83B01C7D820D007ABAE7 /* libMobClickLibrary.a in Frameworks */ = {isa = PBXBuildFile; fileRef = DF7A83AE1C7D820D007ABAE7 /* libMobClickLibrary.a */; };
		DF7A83B21C7D8258007ABAE7 /* libz.tbd in Frameworks */ = {isa = PBXBuildFile; fileRef = DF7A83B11C7D8258007ABAE7 /* libz.tbd */; };
		DF7A83DA1C7DB53A007ABAE7 /* share_btn@2x.png in Resources */ = {isa = PBXBuildFile; fileRef = DF7A83D91C7DB53A007ABAE7 /* share_btn@2x.png */; };
		DF7A83DC1C7DBAF8007ABAE7 /* share_app_icon@2x.png in Resources */ = {isa = PBXBuildFile; fileRef = DF7A83DB1C7DBAF8007ABAE7 /* share_app_icon@2x.png */; };
		DF7A83F81C7DBCA8007ABAE7 /* UMSocialLocalizable.strings in Resources */ = {isa = PBXBuildFile; fileRef = DF7A83DE1C7DBCA8007ABAE7 /* UMSocialLocalizable.strings */; };
		DF7A83F91C7DBCA8007ABAE7 /* libUMSocial_Sdk_5.0.a in Frameworks */ = {isa = PBXBuildFile; fileRef = DF7A83EC1C7DBCA8007ABAE7 /* libUMSocial_Sdk_5.0.a */; };
		DF7A83FA1C7DBCA8007ABAE7 /* UMSCommentDetailController.xib in Resources */ = {isa = PBXBuildFile; fileRef = DF7A83EE1C7DBCA8007ABAE7 /* UMSCommentDetailController.xib */; };
		DF7A83FB1C7DBCA8007ABAE7 /* UMSCommentInputController.xib in Resources */ = {isa = PBXBuildFile; fileRef = DF7A83EF1C7DBCA8007ABAE7 /* UMSCommentInputController.xib */; };
		DF7A83FC1C7DBCA8007ABAE7 /* UMSCommentInputControlleriPad.xib in Resources */ = {isa = PBXBuildFile; fileRef = DF7A83F01C7DBCA8007ABAE7 /* UMSCommentInputControlleriPad.xib */; };
		DF7A83FD1C7DBCA8007ABAE7 /* UMShareEditViewController.xib in Resources */ = {isa = PBXBuildFile; fileRef = DF7A83F11C7DBCA8007ABAE7 /* UMShareEditViewController.xib */; };
		DF7A83FE1C7DBCA8007ABAE7 /* UMShareEditViewControlleriPad.xib in Resources */ = {isa = PBXBuildFile; fileRef = DF7A83F21C7DBCA8007ABAE7 /* UMShareEditViewControlleriPad.xib */; };
		DF7A83FF1C7DBCA8007ABAE7 /* UMSLoginViewController.xib in Resources */ = {isa = PBXBuildFile; fileRef = DF7A83F31C7DBCA8007ABAE7 /* UMSLoginViewController.xib */; };
		DF7A84001C7DBCA8007ABAE7 /* UMSnsAccountViewController.xib in Resources */ = {isa = PBXBuildFile; fileRef = DF7A83F41C7DBCA8007ABAE7 /* UMSnsAccountViewController.xib */; };
		DF7A84011C7DBCA8007ABAE7 /* UMSShareListController.xib in Resources */ = {isa = PBXBuildFile; fileRef = DF7A83F51C7DBCA8007ABAE7 /* UMSShareListController.xib */; };
		DF7A84021C7DBCA8007ABAE7 /* UMSocialSDKResourcesNew.bundle in Resources */ = {isa = PBXBuildFile; fileRef = DF7A83F61C7DBCA8007ABAE7 /* UMSocialSDKResourcesNew.bundle */; };
		DF7A84051C7EA040007ABAE7 /* APITestTableViewController.m in Sources */ = {isa = PBXBuildFile; fileRef = DF7A84041C7EA040007ABAE7 /* APITestTableViewController.m */; };
		DF7A840D1C7EF715007ABAE7 /* libSocialWechat.a in Frameworks */ = {isa = PBXBuildFile; fileRef = DF7A84071C7EF715007ABAE7 /* libSocialWechat.a */; };
		DF7A840E1C7EF715007ABAE7 /* libWeChatSDK.a in Frameworks */ = {isa = PBXBuildFile; fileRef = DF7A84081C7EF715007ABAE7 /* libWeChatSDK.a */; };
		DF7A84141C805955007ABAE7 /* libSocialQQ.a in Frameworks */ = {isa = PBXBuildFile; fileRef = DF7A84101C805955007ABAE7 /* libSocialQQ.a */; };
		DF7A84151C805955007ABAE7 /* TencentOpenAPI.framework in Frameworks */ = {isa = PBXBuildFile; fileRef = DF7A84111C805955007ABAE7 /* TencentOpenAPI.framework */; };
		DF7A84161C805955007ABAE7 /* TencentOpenApi_IOS_Bundle.bundle in Resources */ = {isa = PBXBuildFile; fileRef = DF7A84121C805955007ABAE7 /* TencentOpenApi_IOS_Bundle.bundle */; };
		DF8B9B901C314ED100FCA90A /* main.m in Sources */ = {isa = PBXBuildFile; fileRef = DF8B9B8F1C314ED100FCA90A /* main.m */; };
		DF8B9B931C314ED100FCA90A /* AppDelegate.mm in Sources */ = {isa = PBXBuildFile; fileRef = DF8B9B921C314ED100FCA90A /* AppDelegate.mm */; };
		DF8B9B961C314ED100FCA90A /* ViewController.m in Sources */ = {isa = PBXBuildFile; fileRef = DF8B9B951C314ED100FCA90A /* ViewController.m */; };
		DF8B9B9C1C314ED100FCA90A /* HuoYuan.xcdatamodeld in Sources */ = {isa = PBXBuildFile; fileRef = DF8B9B9A1C314ED100FCA90A /* HuoYuan.xcdatamodeld */; };
		DF8B9B9E1C314ED100FCA90A /* Assets.xcassets in Resources */ = {isa = PBXBuildFile; fileRef = DF8B9B9D1C314ED100FCA90A /* Assets.xcassets */; };
		DF8B9BAC1C314ED100FCA90A /* HuoYuanTests.m in Sources */ = {isa = PBXBuildFile; fileRef = DF8B9BAB1C314ED100FCA90A /* HuoYuanTests.m */; };
		DF8B9BBB1C31518B00FCA90A /* DataUtility.m in Sources */ = {isa = PBXBuildFile; fileRef = DF8B9BBA1C31518B00FCA90A /* DataUtility.m */; };
		DFDF7EBC1C49F1C900BC88FA /* icon_qrcode@2x.png in Resources */ = {isa = PBXBuildFile; fileRef = DFDF7EBB1C49F1C900BC88FA /* icon_qrcode@2x.png */; };
		DFDF7EBE1C49F2E300BC88FA /* icon_row_right@2x.png in Resources */ = {isa = PBXBuildFile; fileRef = DFDF7EBD1C49F2E300BC88FA /* icon_row_right@2x.png */; };
		DFF58CB71C75B70C00C33092 /* ViewUtility.m in Sources */ = {isa = PBXBuildFile; fileRef = DFF58CB61C75B70C00C33092 /* ViewUtility.m */; };
		DFF58CBA1C75BD2F00C33092 /* cardcheck_normor@2x.png in Resources */ = {isa = PBXBuildFile; fileRef = DFF58CB81C75BD2F00C33092 /* cardcheck_normor@2x.png */; };
		DFF58CBB1C75BD2F00C33092 /* cardcheck_selected@2x.png in Resources */ = {isa = PBXBuildFile; fileRef = DFF58CB91C75BD2F00C33092 /* cardcheck_selected@2x.png */; };
/* End PBXBuildFile section */

/* Begin PBXContainerItemProxy section */
		DF8B9BA81C314ED100FCA90A /* PBXContainerItemProxy */ = {
			isa = PBXContainerItemProxy;
			containerPortal = DF8B9B831C314ED100FCA90A /* Project object */;
			proxyType = 1;
			remoteGlobalIDString = DF8B9B8A1C314ED100FCA90A;
			remoteInfo = HuoYuan;
		};
/* End PBXContainerItemProxy section */

/* Begin PBXFileReference section */
		77314E2958BB1227FD55B8EB /* Pods-HuoYuan.release.xcconfig */ = {isa = PBXFileReference; includeInIndex = 1; lastKnownFileType = text.xcconfig; name = "Pods-HuoYuan.release.xcconfig"; path = "Pods/Target Support Files/Pods-HuoYuan/Pods-HuoYuan.release.xcconfig"; sourceTree = "<group>"; };
		8222804C649BBC1BF111E037 /* libPods-HuoYuan.a */ = {isa = PBXFileReference; explicitFileType = archive.ar; includeInIndex = 0; path = "libPods-HuoYuan.a"; sourceTree = BUILT_PRODUCTS_DIR; };
		97AF6014733D6423609D5D29 /* Pods-HuoYuan.debug.xcconfig */ = {isa = PBXFileReference; includeInIndex = 1; lastKnownFileType = text.xcconfig; name = "Pods-HuoYuan.debug.xcconfig"; path = "Pods/Target Support Files/Pods-HuoYuan/Pods-HuoYuan.debug.xcconfig"; sourceTree = "<group>"; };
		DF1B4FD51C45279F002DE6AD /* SettingDefaultPage.h */ = {isa = PBXFileReference; fileEncoding = 4; lastKnownFileType = sourcecode.c.h; path = SettingDefaultPage.h; sourceTree = "<group>"; };
		DF1B4FD61C45279F002DE6AD /* SettingDefaultPage.m */ = {isa = PBXFileReference; fileEncoding = 4; lastKnownFileType = sourcecode.c.objc; path = SettingDefaultPage.m; sourceTree = "<group>"; };
		DF3771CC1C55CA5000B1EB19 /* icon_mobile_phone@2x.png */ = {isa = PBXFileReference; lastKnownFileType = image.png; path = "icon_mobile_phone@2x.png"; sourceTree = "<group>"; };
		DF3771CD1C55CA5000B1EB19 /* icon_api_test@2x.png */ = {isa = PBXFileReference; lastKnownFileType = image.png; path = "icon_api_test@2x.png"; sourceTree = "<group>"; };
		DF3771D41C55CF1F00B1EB19 /* launch_img_640x960.png */ = {isa = PBXFileReference; lastKnownFileType = image.png; path = launch_img_640x960.png; sourceTree = "<group>"; };
		DF3771D61C55EA1100B1EB19 /* app_icon_152x152.png */ = {isa = PBXFileReference; lastKnownFileType = image.png; path = app_icon_152x152.png; sourceTree = "<group>"; };
		DF3771D71C55EA1100B1EB19 /* app_icon_144x144.png */ = {isa = PBXFileReference; lastKnownFileType = image.png; path = app_icon_144x144.png; sourceTree = "<group>"; };
		DF3771D81C55EA1100B1EB19 /* app_icon_120x120.png */ = {isa = PBXFileReference; lastKnownFileType = image.png; path = app_icon_120x120.png; sourceTree = "<group>"; };
		DF3771D91C55EA1100B1EB19 /* app_icon_114x114.png */ = {isa = PBXFileReference; lastKnownFileType = image.png; path = app_icon_114x114.png; sourceTree = "<group>"; };
		DF3771DA1C55EA1100B1EB19 /* app_icon_76x76.png */ = {isa = PBXFileReference; lastKnownFileType = image.png; path = app_icon_76x76.png; sourceTree = "<group>"; };
		DF3771DB1C55EA1100B1EB19 /* app_icon_72x72.png */ = {isa = PBXFileReference; lastKnownFileType = image.png; path = app_icon_72x72.png; sourceTree = "<group>"; };
		DF3771DC1C55EA1100B1EB19 /* app_icon_57x57.png */ = {isa = PBXFileReference; lastKnownFileType = image.png; path = app_icon_57x57.png; sourceTree = "<group>"; };
		DF7A83461C7B0DEF007ABAE7 /* DealPasswordView.m */ = {isa = PBXFileReference; fileEncoding = 4; lastKnownFileType = sourcecode.c.objc; path = DealPasswordView.m; sourceTree = "<group>"; };
		DF7A83471C7B0DEF007ABAE7 /* DealPasswordView.h */ = {isa = PBXFileReference; fileEncoding = 4; lastKnownFileType = sourcecode.c.h; path = DealPasswordView.h; sourceTree = "<group>"; };
		DF7A83491C7B0E88007ABAE7 /* Constant.h */ = {isa = PBXFileReference; lastKnownFileType = sourcecode.c.h; path = Constant.h; sourceTree = "<group>"; };
		DF7A834A1C7B0F46007ABAE7 /* HuoYuan-prefix.pch */ = {isa = PBXFileReference; lastKnownFileType = sourcecode.c.h; path = "HuoYuan-prefix.pch"; sourceTree = "<group>"; };
		DF7A834B1C7BF399007ABAE7 /* phone_alert_title_icon@2x.png */ = {isa = PBXFileReference; lastKnownFileType = image.png; path = "phone_alert_title_icon@2x.png"; sourceTree = "<group>"; };
		DF7A834D1C7BF821007ABAE7 /* BaiduMapAPI_Base.framework */ = {isa = PBXFileReference; lastKnownFileType = wrapper.framework; name = BaiduMapAPI_Base.framework; path = ../BaiduMapAPI_Base.framework; sourceTree = "<group>"; };
		DF7A834E1C7BF821007ABAE7 /* BaiduMapAPI_Cloud.framework */ = {isa = PBXFileReference; lastKnownFileType = wrapper.framework; name = BaiduMapAPI_Cloud.framework; path = ../BaiduMapAPI_Cloud.framework; sourceTree = "<group>"; };
		DF7A834F1C7BF821007ABAE7 /* BaiduMapAPI_Location.framework */ = {isa = PBXFileReference; lastKnownFileType = wrapper.framework; name = BaiduMapAPI_Location.framework; path = ../BaiduMapAPI_Location.framework; sourceTree = "<group>"; };
		DF7A83501C7BF821007ABAE7 /* BaiduMapAPI_Map.framework */ = {isa = PBXFileReference; lastKnownFileType = wrapper.framework; name = BaiduMapAPI_Map.framework; path = ../BaiduMapAPI_Map.framework; sourceTree = "<group>"; };
		DF7A83511C7BF821007ABAE7 /* BaiduMapAPI_Radar.framework */ = {isa = PBXFileReference; lastKnownFileType = wrapper.framework; name = BaiduMapAPI_Radar.framework; path = ../BaiduMapAPI_Radar.framework; sourceTree = "<group>"; };
		DF7A83521C7BF821007ABAE7 /* BaiduMapAPI_Search.framework */ = {isa = PBXFileReference; lastKnownFileType = wrapper.framework; name = BaiduMapAPI_Search.framework; path = ../BaiduMapAPI_Search.framework; sourceTree = "<group>"; };
		DF7A83531C7BF821007ABAE7 /* BaiduMapAPI_Utils.framework */ = {isa = PBXFileReference; lastKnownFileType = wrapper.framework; name = BaiduMapAPI_Utils.framework; path = ../BaiduMapAPI_Utils.framework; sourceTree = "<group>"; };
		DF7A835B1C7BF953007ABAE7 /* mapapi.bundle */ = {isa = PBXFileReference; lastKnownFileType = "wrapper.plug-in"; name = mapapi.bundle; path = ../BaiduMapAPI_Map.framework/Resources/mapapi.bundle; sourceTree = "<group>"; };
		DF7A835D1C7C06EC007ABAE7 /* CoreLocation.framework */ = {isa = PBXFileReference; lastKnownFileType = wrapper.framework; name = CoreLocation.framework; path = System/Library/Frameworks/CoreLocation.framework; sourceTree = SDKROOT; };
		DF7A835F1C7C06F8007ABAE7 /* QuartzCore.framework */ = {isa = PBXFileReference; lastKnownFileType = wrapper.framework; name = QuartzCore.framework; path = System/Library/Frameworks/QuartzCore.framework; sourceTree = SDKROOT; };
		DF7A83611C7C0701007ABAE7 /* OpenGLES.framework */ = {isa = PBXFileReference; lastKnownFileType = wrapper.framework; name = OpenGLES.framework; path = System/Library/Frameworks/OpenGLES.framework; sourceTree = SDKROOT; };
		DF7A83631C7C070B007ABAE7 /* SystemConfiguration.framework */ = {isa = PBXFileReference; lastKnownFileType = wrapper.framework; name = SystemConfiguration.framework; path = System/Library/Frameworks/SystemConfiguration.framework; sourceTree = SDKROOT; };
		DF7A83651C7C071B007ABAE7 /* CoreGraphics.framework */ = {isa = PBXFileReference; lastKnownFileType = wrapper.framework; name = CoreGraphics.framework; path = System/Library/Frameworks/CoreGraphics.framework; sourceTree = SDKROOT; };
		DF7A83671C7C0727007ABAE7 /* Security.framework */ = {isa = PBXFileReference; lastKnownFileType = wrapper.framework; name = Security.framework; path = System/Library/Frameworks/Security.framework; sourceTree = SDKROOT; };
		DF7A83691C7C0733007ABAE7 /* libsqlite3.0.tbd */ = {isa = PBXFileReference; lastKnownFileType = "sourcecode.text-based-dylib-definition"; name = libsqlite3.0.tbd; path = usr/lib/libsqlite3.0.tbd; sourceTree = SDKROOT; };
		DF7A836B1C7C0743007ABAE7 /* CoreTelephony.framework */ = {isa = PBXFileReference; lastKnownFileType = wrapper.framework; name = CoreTelephony.framework; path = System/Library/Frameworks/CoreTelephony.framework; sourceTree = SDKROOT; };
		DF7A836D1C7C074D007ABAE7 /* libstdc++.6.0.9.tbd */ = {isa = PBXFileReference; lastKnownFileType = "sourcecode.text-based-dylib-definition"; name = "libstdc++.6.0.9.tbd"; path = "usr/lib/libstdc++.6.0.9.tbd"; sourceTree = SDKROOT; };
		DF7A83731C7C091C007ABAE7 /* app_launch_image@2x.png */ = {isa = PBXFileReference; lastKnownFileType = image.png; path = "app_launch_image@2x.png"; sourceTree = "<group>"; };
		DF7A83771C7C163F007ABAE7 /* app_launch_image@3x.png */ = {isa = PBXFileReference; lastKnownFileType = image.png; path = "app_launch_image@3x.png"; sourceTree = "<group>"; };
		DF7A837F1C7C2C32007ABAE7 /* Decoder.h */ = {isa = PBXFileReference; fileEncoding = 4; lastKnownFileType = sourcecode.c.h; path = Decoder.h; sourceTree = "<group>"; };
		DF7A83801C7C2C32007ABAE7 /* Exception.h */ = {isa = PBXFileReference; fileEncoding = 4; lastKnownFileType = sourcecode.c.h; path = Exception.h; sourceTree = "<group>"; };
		DF7A83811C7C2C32007ABAE7 /* Image.h */ = {isa = PBXFileReference; fileEncoding = 4; lastKnownFileType = sourcecode.c.h; path = Image.h; sourceTree = "<group>"; };
		DF7A83821C7C2C32007ABAE7 /* ImageScanner.h */ = {isa = PBXFileReference; fileEncoding = 4; lastKnownFileType = sourcecode.c.h; path = ImageScanner.h; sourceTree = "<group>"; };
		DF7A83831C7C2C32007ABAE7 /* Processor.h */ = {isa = PBXFileReference; fileEncoding = 4; lastKnownFileType = sourcecode.c.h; path = Processor.h; sourceTree = "<group>"; };
		DF7A83841C7C2C32007ABAE7 /* Scanner.h */ = {isa = PBXFileReference; fileEncoding = 4; lastKnownFileType = sourcecode.c.h; path = Scanner.h; sourceTree = "<group>"; };
		DF7A83851C7C2C32007ABAE7 /* Symbol.h */ = {isa = PBXFileReference; fileEncoding = 4; lastKnownFileType = sourcecode.c.h; path = Symbol.h; sourceTree = "<group>"; };
		DF7A83861C7C2C32007ABAE7 /* Video.h */ = {isa = PBXFileReference; fileEncoding = 4; lastKnownFileType = sourcecode.c.h; path = Video.h; sourceTree = "<group>"; };
		DF7A83871C7C2C32007ABAE7 /* Window.h */ = {isa = PBXFileReference; fileEncoding = 4; lastKnownFileType = sourcecode.c.h; path = Window.h; sourceTree = "<group>"; };
		DF7A83881C7C2C32007ABAE7 /* zbar.h */ = {isa = PBXFileReference; fileEncoding = 4; lastKnownFileType = sourcecode.c.h; path = zbar.h; sourceTree = "<group>"; };
		DF7A83891C7C2C32007ABAE7 /* ZBarCameraSimulator.h */ = {isa = PBXFileReference; fileEncoding = 4; lastKnownFileType = sourcecode.c.h; path = ZBarCameraSimulator.h; sourceTree = "<group>"; };
		DF7A838A1C7C2C32007ABAE7 /* ZBarCaptureReader.h */ = {isa = PBXFileReference; fileEncoding = 4; lastKnownFileType = sourcecode.c.h; path = ZBarCaptureReader.h; sourceTree = "<group>"; };
		DF7A838B1C7C2C32007ABAE7 /* ZBarHelpController.h */ = {isa = PBXFileReference; fileEncoding = 4; lastKnownFileType = sourcecode.c.h; path = ZBarHelpController.h; sourceTree = "<group>"; };
		DF7A838C1C7C2C32007ABAE7 /* ZBarImage.h */ = {isa = PBXFileReference; fileEncoding = 4; lastKnownFileType = sourcecode.c.h; path = ZBarImage.h; sourceTree = "<group>"; };
		DF7A838D1C7C2C32007ABAE7 /* ZBarImageScanner.h */ = {isa = PBXFileReference; fileEncoding = 4; lastKnownFileType = sourcecode.c.h; path = ZBarImageScanner.h; sourceTree = "<group>"; };
		DF7A838E1C7C2C32007ABAE7 /* ZBarReaderController.h */ = {isa = PBXFileReference; fileEncoding = 4; lastKnownFileType = sourcecode.c.h; path = ZBarReaderController.h; sourceTree = "<group>"; };
		DF7A838F1C7C2C32007ABAE7 /* ZBarReaderView.h */ = {isa = PBXFileReference; fileEncoding = 4; lastKnownFileType = sourcecode.c.h; path = ZBarReaderView.h; sourceTree = "<group>"; };
		DF7A83901C7C2C32007ABAE7 /* ZBarReaderViewController.h */ = {isa = PBXFileReference; fileEncoding = 4; lastKnownFileType = sourcecode.c.h; path = ZBarReaderViewController.h; sourceTree = "<group>"; };
		DF7A83911C7C2C32007ABAE7 /* ZBarSDK.h */ = {isa = PBXFileReference; fileEncoding = 4; lastKnownFileType = sourcecode.c.h; path = ZBarSDK.h; sourceTree = "<group>"; };
		DF7A83921C7C2C32007ABAE7 /* ZBarSymbol.h */ = {isa = PBXFileReference; fileEncoding = 4; lastKnownFileType = sourcecode.c.h; path = ZBarSymbol.h; sourceTree = "<group>"; };
		DF7A83931C7C2C32007ABAE7 /* libzbar.a */ = {isa = PBXFileReference; lastKnownFileType = archive.ar; path = libzbar.a; sourceTree = "<group>"; };
		DF7A83951C7C2C32007ABAE7 /* zbar-back.png */ = {isa = PBXFileReference; lastKnownFileType = image.png; path = "zbar-back.png"; sourceTree = "<group>"; };
		DF7A83961C7C2C32007ABAE7 /* zbar-help.html */ = {isa = PBXFileReference; fileEncoding = 4; lastKnownFileType = text.html; path = "zbar-help.html"; sourceTree = "<group>"; };
		DF7A83971C7C2C32007ABAE7 /* zbar-helpicons.png */ = {isa = PBXFileReference; lastKnownFileType = image.png; path = "zbar-helpicons.png"; sourceTree = "<group>"; };
		DF7A83981C7C2C32007ABAE7 /* zbar-samples.png */ = {isa = PBXFileReference; lastKnownFileType = image.png; path = "zbar-samples.png"; sourceTree = "<group>"; };
		DF7A839E1C7C6492007ABAE7 /* AVFoundation.framework */ = {isa = PBXFileReference; lastKnownFileType = wrapper.framework; name = AVFoundation.framework; path = System/Library/Frameworks/AVFoundation.framework; sourceTree = SDKROOT; };
		DF7A83A01C7C64A2007ABAE7 /* CoreMedia.framework */ = {isa = PBXFileReference; lastKnownFileType = wrapper.framework; name = CoreMedia.framework; path = System/Library/Frameworks/CoreMedia.framework; sourceTree = SDKROOT; };
		DF7A83A21C7C64AA007ABAE7 /* CoreAudio.framework */ = {isa = PBXFileReference; lastKnownFileType = wrapper.framework; name = CoreAudio.framework; path = System/Library/Frameworks/CoreAudio.framework; sourceTree = SDKROOT; };
		DF7A83A41C7C64B5007ABAE7 /* CoreVideo.framework */ = {isa = PBXFileReference; lastKnownFileType = wrapper.framework; name = CoreVideo.framework; path = System/Library/Frameworks/CoreVideo.framework; sourceTree = SDKROOT; };
		DF7A83A61C7C64CF007ABAE7 /* libiconv.2.4.0.tbd */ = {isa = PBXFileReference; lastKnownFileType = "sourcecode.text-based-dylib-definition"; name = libiconv.2.4.0.tbd; path = usr/lib/libiconv.2.4.0.tbd; sourceTree = SDKROOT; };
		DF7A83AB1C7D5723007ABAE7 /* WebViewController.h */ = {isa = PBXFileReference; fileEncoding = 4; lastKnownFileType = sourcecode.c.h; path = WebViewController.h; sourceTree = "<group>"; };
		DF7A83AC1C7D5723007ABAE7 /* WebViewController.m */ = {isa = PBXFileReference; fileEncoding = 4; lastKnownFileType = sourcecode.c.objc; path = WebViewController.m; sourceTree = "<group>"; };
		DF7A83AE1C7D820D007ABAE7 /* libMobClickLibrary.a */ = {isa = PBXFileReference; lastKnownFileType = archive.ar; path = libMobClickLibrary.a; sourceTree = "<group>"; };
		DF7A83AF1C7D820D007ABAE7 /* MobClick.h */ = {isa = PBXFileReference; fileEncoding = 4; lastKnownFileType = sourcecode.c.h; path = MobClick.h; sourceTree = "<group>"; };
		DF7A83B11C7D8258007ABAE7 /* libz.tbd */ = {isa = PBXFileReference; lastKnownFileType = "sourcecode.text-based-dylib-definition"; name = libz.tbd; path = usr/lib/libz.tbd; sourceTree = SDKROOT; };
		DF7A83D91C7DB53A007ABAE7 /* share_btn@2x.png */ = {isa = PBXFileReference; lastKnownFileType = image.png; path = "share_btn@2x.png"; sourceTree = "<group>"; };
		DF7A83DB1C7DBAF8007ABAE7 /* share_app_icon@2x.png */ = {isa = PBXFileReference; lastKnownFileType = image.png; path = "share_app_icon@2x.png"; sourceTree = "<group>"; };
		DF7A83DF1C7DBCA8007ABAE7 /* en */ = {isa = PBXFileReference; lastKnownFileType = text.plist.strings; name = en; path = en.lproj/UMSocialLocalizable.strings; sourceTree = "<group>"; };
		DF7A83E11C7DBCA8007ABAE7 /* UMSocial.h */ = {isa = PBXFileReference; fileEncoding = 4; lastKnownFileType = sourcecode.c.h; path = UMSocial.h; sourceTree = "<group>"; };
		DF7A83E21C7DBCA8007ABAE7 /* UMSocialAccountManager.h */ = {isa = PBXFileReference; fileEncoding = 4; lastKnownFileType = sourcecode.c.h; path = UMSocialAccountManager.h; sourceTree = "<group>"; };
		DF7A83E31C7DBCA8007ABAE7 /* UMSocialBar.h */ = {isa = PBXFileReference; fileEncoding = 4; lastKnownFileType = sourcecode.c.h; path = UMSocialBar.h; sourceTree = "<group>"; };
		DF7A83E41C7DBCA8007ABAE7 /* UMSocialConfig.h */ = {isa = PBXFileReference; fileEncoding = 4; lastKnownFileType = sourcecode.c.h; path = UMSocialConfig.h; sourceTree = "<group>"; };
		DF7A83E51C7DBCA8007ABAE7 /* UMSocialControllerService.h */ = {isa = PBXFileReference; fileEncoding = 4; lastKnownFileType = sourcecode.c.h; path = UMSocialControllerService.h; sourceTree = "<group>"; };
		DF7A83E61C7DBCA8007ABAE7 /* UMSocialControllerServiceComment.h */ = {isa = PBXFileReference; fileEncoding = 4; lastKnownFileType = sourcecode.c.h; path = UMSocialControllerServiceComment.h; sourceTree = "<group>"; };
		DF7A83E71C7DBCA8007ABAE7 /* UMSocialData.h */ = {isa = PBXFileReference; fileEncoding = 4; lastKnownFileType = sourcecode.c.h; path = UMSocialData.h; sourceTree = "<group>"; };
		DF7A83E81C7DBCA8007ABAE7 /* UMSocialDataService.h */ = {isa = PBXFileReference; fileEncoding = 4; lastKnownFileType = sourcecode.c.h; path = UMSocialDataService.h; sourceTree = "<group>"; };
		DF7A83E91C7DBCA8007ABAE7 /* UMSocialSnsData.h */ = {isa = PBXFileReference; fileEncoding = 4; lastKnownFileType = sourcecode.c.h; path = UMSocialSnsData.h; sourceTree = "<group>"; };
		DF7A83EA1C7DBCA8007ABAE7 /* UMSocialSnsPlatformManager.h */ = {isa = PBXFileReference; fileEncoding = 4; lastKnownFileType = sourcecode.c.h; path = UMSocialSnsPlatformManager.h; sourceTree = "<group>"; };
		DF7A83EB1C7DBCA8007ABAE7 /* UMSocialSnsService.h */ = {isa = PBXFileReference; fileEncoding = 4; lastKnownFileType = sourcecode.c.h; path = UMSocialSnsService.h; sourceTree = "<group>"; };
		DF7A83EC1C7DBCA8007ABAE7 /* libUMSocial_Sdk_5.0.a */ = {isa = PBXFileReference; lastKnownFileType = archive.ar; path = libUMSocial_Sdk_5.0.a; sourceTree = "<group>"; };
		DF7A83EE1C7DBCA8007ABAE7 /* UMSCommentDetailController.xib */ = {isa = PBXFileReference; fileEncoding = 4; lastKnownFileType = file.xib; path = UMSCommentDetailController.xib; sourceTree = "<group>"; };
		DF7A83EF1C7DBCA8007ABAE7 /* UMSCommentInputController.xib */ = {isa = PBXFileReference; fileEncoding = 4; lastKnownFileType = file.xib; path = UMSCommentInputController.xib; sourceTree = "<group>"; };
		DF7A83F01C7DBCA8007ABAE7 /* UMSCommentInputControlleriPad.xib */ = {isa = PBXFileReference; fileEncoding = 4; lastKnownFileType = file.xib; path = UMSCommentInputControlleriPad.xib; sourceTree = "<group>"; };
		DF7A83F11C7DBCA8007ABAE7 /* UMShareEditViewController.xib */ = {isa = PBXFileReference; fileEncoding = 4; lastKnownFileType = file.xib; path = UMShareEditViewController.xib; sourceTree = "<group>"; };
		DF7A83F21C7DBCA8007ABAE7 /* UMShareEditViewControlleriPad.xib */ = {isa = PBXFileReference; fileEncoding = 4; lastKnownFileType = file.xib; path = UMShareEditViewControlleriPad.xib; sourceTree = "<group>"; };
		DF7A83F31C7DBCA8007ABAE7 /* UMSLoginViewController.xib */ = {isa = PBXFileReference; fileEncoding = 4; lastKnownFileType = file.xib; path = UMSLoginViewController.xib; sourceTree = "<group>"; };
		DF7A83F41C7DBCA8007ABAE7 /* UMSnsAccountViewController.xib */ = {isa = PBXFileReference; fileEncoding = 4; lastKnownFileType = file.xib; path = UMSnsAccountViewController.xib; sourceTree = "<group>"; };
		DF7A83F51C7DBCA8007ABAE7 /* UMSShareListController.xib */ = {isa = PBXFileReference; fileEncoding = 4; lastKnownFileType = file.xib; path = UMSShareListController.xib; sourceTree = "<group>"; };
		DF7A83F61C7DBCA8007ABAE7 /* UMSocialSDKResourcesNew.bundle */ = {isa = PBXFileReference; lastKnownFileType = "wrapper.plug-in"; path = UMSocialSDKResourcesNew.bundle; sourceTree = "<group>"; };
		DF7A83F71C7DBCA8007ABAE7 /* zh-Hans */ = {isa = PBXFileReference; lastKnownFileType = text.plist.strings; name = "zh-Hans"; path = "zh-Hans.lproj/UMSocialLocalizable.strings"; sourceTree = "<group>"; };
		DF7A84031C7EA040007ABAE7 /* APITestTableViewController.h */ = {isa = PBXFileReference; fileEncoding = 4; lastKnownFileType = sourcecode.c.h; path = APITestTableViewController.h; sourceTree = "<group>"; };
		DF7A84041C7EA040007ABAE7 /* APITestTableViewController.m */ = {isa = PBXFileReference; fileEncoding = 4; lastKnownFileType = sourcecode.c.objc; path = APITestTableViewController.m; sourceTree = "<group>"; };
		DF7A84071C7EF715007ABAE7 /* libSocialWechat.a */ = {isa = PBXFileReference; lastKnownFileType = archive.ar; path = libSocialWechat.a; sourceTree = "<group>"; };
		DF7A84081C7EF715007ABAE7 /* libWeChatSDK.a */ = {isa = PBXFileReference; lastKnownFileType = archive.ar; path = libWeChatSDK.a; sourceTree = "<group>"; };
		DF7A84091C7EF715007ABAE7 /* UMSocialWechatHandler.h */ = {isa = PBXFileReference; fileEncoding = 4; lastKnownFileType = sourcecode.c.h; path = UMSocialWechatHandler.h; sourceTree = "<group>"; };
		DF7A840A1C7EF715007ABAE7 /* WechatAuthSDK.h */ = {isa = PBXFileReference; fileEncoding = 4; lastKnownFileType = sourcecode.c.h; path = WechatAuthSDK.h; sourceTree = "<group>"; };
		DF7A840B1C7EF715007ABAE7 /* WXApi.h */ = {isa = PBXFileReference; fileEncoding = 4; lastKnownFileType = sourcecode.c.h; path = WXApi.h; sourceTree = "<group>"; };
		DF7A840C1C7EF715007ABAE7 /* WXApiObject.h */ = {isa = PBXFileReference; fileEncoding = 4; lastKnownFileType = sourcecode.c.h; path = WXApiObject.h; sourceTree = "<group>"; };
		DF7A84101C805955007ABAE7 /* libSocialQQ.a */ = {isa = PBXFileReference; lastKnownFileType = archive.ar; path = libSocialQQ.a; sourceTree = "<group>"; };
		DF7A84111C805955007ABAE7 /* TencentOpenAPI.framework */ = {isa = PBXFileReference; lastKnownFileType = wrapper.framework; path = TencentOpenAPI.framework; sourceTree = "<group>"; };
		DF7A84121C805955007ABAE7 /* TencentOpenApi_IOS_Bundle.bundle */ = {isa = PBXFileReference; lastKnownFileType = "wrapper.plug-in"; path = TencentOpenApi_IOS_Bundle.bundle; sourceTree = "<group>"; };
		DF7A84131C805955007ABAE7 /* UMSocialQQHandler.h */ = {isa = PBXFileReference; fileEncoding = 4; lastKnownFileType = sourcecode.c.h; path = UMSocialQQHandler.h; sourceTree = "<group>"; };
		DF8B9B8B1C314ED100FCA90A /* HuoYuan.app */ = {isa = PBXFileReference; explicitFileType = wrapper.application; includeInIndex = 0; path = HuoYuan.app; sourceTree = BUILT_PRODUCTS_DIR; };
		DF8B9B8F1C314ED100FCA90A /* main.m */ = {isa = PBXFileReference; lastKnownFileType = sourcecode.c.objc; path = main.m; sourceTree = "<group>"; };
		DF8B9B911C314ED100FCA90A /* AppDelegate.h */ = {isa = PBXFileReference; lastKnownFileType = sourcecode.c.h; path = AppDelegate.h; sourceTree = "<group>"; };
		DF8B9B921C314ED100FCA90A /* AppDelegate.mm */ = {isa = PBXFileReference; lastKnownFileType = sourcecode.cpp.objcpp; path = AppDelegate.mm; sourceTree = "<group>"; };
		DF8B9B941C314ED100FCA90A /* ViewController.h */ = {isa = PBXFileReference; lastKnownFileType = sourcecode.c.h; path = ViewController.h; sourceTree = "<group>"; };
		DF8B9B951C314ED100FCA90A /* ViewController.m */ = {isa = PBXFileReference; lastKnownFileType = sourcecode.c.objc; path = ViewController.m; sourceTree = "<group>"; };
		DF8B9B9B1C314ED100FCA90A /* HuoYuan.xcdatamodel */ = {isa = PBXFileReference; lastKnownFileType = wrapper.xcdatamodel; path = HuoYuan.xcdatamodel; sourceTree = "<group>"; };
		DF8B9B9D1C314ED100FCA90A /* Assets.xcassets */ = {isa = PBXFileReference; lastKnownFileType = folder.assetcatalog; path = Assets.xcassets; sourceTree = "<group>"; };
		DF8B9BA21C314ED100FCA90A /* Info.plist */ = {isa = PBXFileReference; lastKnownFileType = text.plist.xml; path = Info.plist; sourceTree = "<group>"; };
		DF8B9BA71C314ED100FCA90A /* HuoYuanTests.xctest */ = {isa = PBXFileReference; explicitFileType = wrapper.cfbundle; includeInIndex = 0; path = HuoYuanTests.xctest; sourceTree = BUILT_PRODUCTS_DIR; };
		DF8B9BAB1C314ED100FCA90A /* HuoYuanTests.m */ = {isa = PBXFileReference; lastKnownFileType = sourcecode.c.objc; path = HuoYuanTests.m; sourceTree = "<group>"; };
		DF8B9BAD1C314ED100FCA90A /* Info.plist */ = {isa = PBXFileReference; lastKnownFileType = text.plist.xml; path = Info.plist; sourceTree = "<group>"; };
		DF8B9BB91C31518B00FCA90A /* DataUtility.h */ = {isa = PBXFileReference; fileEncoding = 4; lastKnownFileType = sourcecode.c.h; path = DataUtility.h; sourceTree = "<group>"; };
		DF8B9BBA1C31518B00FCA90A /* DataUtility.m */ = {isa = PBXFileReference; fileEncoding = 4; lastKnownFileType = sourcecode.c.objc; path = DataUtility.m; sourceTree = "<group>"; };
		DFDF7EBB1C49F1C900BC88FA /* icon_qrcode@2x.png */ = {isa = PBXFileReference; lastKnownFileType = image.png; path = "icon_qrcode@2x.png"; sourceTree = "<group>"; };
		DFDF7EBD1C49F2E300BC88FA /* icon_row_right@2x.png */ = {isa = PBXFileReference; lastKnownFileType = image.png; path = "icon_row_right@2x.png"; sourceTree = "<group>"; };
		DFF58CB51C75B70C00C33092 /* ViewUtility.h */ = {isa = PBXFileReference; fileEncoding = 4; lastKnownFileType = sourcecode.c.h; path = ViewUtility.h; sourceTree = "<group>"; };
		DFF58CB61C75B70C00C33092 /* ViewUtility.m */ = {isa = PBXFileReference; fileEncoding = 4; lastKnownFileType = sourcecode.c.objc; path = ViewUtility.m; sourceTree = "<group>"; };
		DFF58CB81C75BD2F00C33092 /* cardcheck_normor@2x.png */ = {isa = PBXFileReference; lastKnownFileType = image.png; path = "cardcheck_normor@2x.png"; sourceTree = "<group>"; };
		DFF58CB91C75BD2F00C33092 /* cardcheck_selected@2x.png */ = {isa = PBXFileReference; lastKnownFileType = image.png; path = "cardcheck_selected@2x.png"; sourceTree = "<group>"; };
/* End PBXFileReference section */

/* Begin PBXFrameworksBuildPhase section */
		DF8B9B881C314ED100FCA90A /* Frameworks */ = {
			isa = PBXFrameworksBuildPhase;
			buildActionMask = 2147483647;
			files = (
				DF7A83B21C7D8258007ABAE7 /* libz.tbd in Frameworks */,
				DF7A83AA1C7D4DD1007ABAE7 /* libzbar.a in Frameworks */,
				DF7A84151C805955007ABAE7 /* TencentOpenAPI.framework in Frameworks */,
				DF7A83A71C7C64CF007ABAE7 /* libiconv.2.4.0.tbd in Frameworks */,
				DF7A83601C7C06F8007ABAE7 /* QuartzCore.framework in Frameworks */,
				DF7A83A51C7C64B5007ABAE7 /* CoreVideo.framework in Frameworks */,
				DF7A83A31C7C64AA007ABAE7 /* CoreAudio.framework in Frameworks */,
				DF7A83A11C7C64A2007ABAE7 /* CoreMedia.framework in Frameworks */,
				DF7A83661C7C071B007ABAE7 /* CoreGraphics.framework in Frameworks */,
				DF7A83B01C7D820D007ABAE7 /* libMobClickLibrary.a in Frameworks */,
				DF7A839F1C7C6492007ABAE7 /* AVFoundation.framework in Frameworks */,
				DF7A836E1C7C074D007ABAE7 /* libstdc++.6.0.9.tbd in Frameworks */,
				DF7A836C1C7C0743007ABAE7 /* CoreTelephony.framework in Frameworks */,
				DF7A84141C805955007ABAE7 /* libSocialQQ.a in Frameworks */,
				DF7A836A1C7C0733007ABAE7 /* libsqlite3.0.tbd in Frameworks */,
				DF7A83681C7C0727007ABAE7 /* Security.framework in Frameworks */,
				DF7A83641C7C070B007ABAE7 /* SystemConfiguration.framework in Frameworks */,
				DF7A83621C7C0701007ABAE7 /* OpenGLES.framework in Frameworks */,
				DF7A840D1C7EF715007ABAE7 /* libSocialWechat.a in Frameworks */,
				DF7A835E1C7C06EC007ABAE7 /* CoreLocation.framework in Frameworks */,
				DF7A83551C7BF821007ABAE7 /* BaiduMapAPI_Cloud.framework in Frameworks */,
				DF7A83561C7BF821007ABAE7 /* BaiduMapAPI_Location.framework in Frameworks */,
				DF7A840E1C7EF715007ABAE7 /* libWeChatSDK.a in Frameworks */,
				DF7A83591C7BF821007ABAE7 /* BaiduMapAPI_Search.framework in Frameworks */,
				DF7A83581C7BF821007ABAE7 /* BaiduMapAPI_Radar.framework in Frameworks */,
				DF7A83541C7BF821007ABAE7 /* BaiduMapAPI_Base.framework in Frameworks */,
				DF7A83571C7BF821007ABAE7 /* BaiduMapAPI_Map.framework in Frameworks */,
				DF7A835A1C7BF821007ABAE7 /* BaiduMapAPI_Utils.framework in Frameworks */,
				DF7A83F91C7DBCA8007ABAE7 /* libUMSocial_Sdk_5.0.a in Frameworks */,
				60E5996C6FCB0D0ED107FF6C /* libPods-HuoYuan.a in Frameworks */,
			);
			runOnlyForDeploymentPostprocessing = 0;
		};
		DF8B9BA41C314ED100FCA90A /* Frameworks */ = {
			isa = PBXFrameworksBuildPhase;
			buildActionMask = 2147483647;
			files = (
			);
			runOnlyForDeploymentPostprocessing = 0;
		};
/* End PBXFrameworksBuildPhase section */

/* Begin PBXGroup section */
		3FF48526ED2F12929DE46D9D /* Frameworks */ = {
			isa = PBXGroup;
			children = (
				8222804C649BBC1BF111E037 /* libPods-HuoYuan.a */,
			);
			name = Frameworks;
			sourceTree = "<group>";
		};
		DCCCFC4DA14931A71B3807DF /* Pods */ = {
			isa = PBXGroup;
			children = (
				97AF6014733D6423609D5D29 /* Pods-HuoYuan.debug.xcconfig */,
				77314E2958BB1227FD55B8EB /* Pods-HuoYuan.release.xcconfig */,
			);
			name = Pods;
			sourceTree = "<group>";
		};
		DF7A83451C7B0DD3007ABAE7 /* CommonView */ = {
			isa = PBXGroup;
			children = (
				DF7A83471C7B0DEF007ABAE7 /* DealPasswordView.h */,
				DF7A83461C7B0DEF007ABAE7 /* DealPasswordView.m */,
			);
			name = CommonView;
			sourceTree = "<group>";
		};
		DF7A837B1C7C2C32007ABAE7 /* ZBarSDK */ = {
			isa = PBXGroup;
			children = (
				DF7A837C1C7C2C32007ABAE7 /* Headers */,
				DF7A83931C7C2C32007ABAE7 /* libzbar.a */,
				DF7A83941C7C2C32007ABAE7 /* Resources */,
			);
			path = ZBarSDK;
			sourceTree = "<group>";
		};
		DF7A837C1C7C2C32007ABAE7 /* Headers */ = {
			isa = PBXGroup;
			children = (
				DF7A837D1C7C2C32007ABAE7 /* ZBarSDK */,
			);
			path = Headers;
			sourceTree = "<group>";
		};
		DF7A837D1C7C2C32007ABAE7 /* ZBarSDK */ = {
			isa = PBXGroup;
			children = (
				DF7A837E1C7C2C32007ABAE7 /* zbar */,
				DF7A83881C7C2C32007ABAE7 /* zbar.h */,
				DF7A83891C7C2C32007ABAE7 /* ZBarCameraSimulator.h */,
				DF7A838A1C7C2C32007ABAE7 /* ZBarCaptureReader.h */,
				DF7A838B1C7C2C32007ABAE7 /* ZBarHelpController.h */,
				DF7A838C1C7C2C32007ABAE7 /* ZBarImage.h */,
				DF7A838D1C7C2C32007ABAE7 /* ZBarImageScanner.h */,
				DF7A838E1C7C2C32007ABAE7 /* ZBarReaderController.h */,
				DF7A838F1C7C2C32007ABAE7 /* ZBarReaderView.h */,
				DF7A83901C7C2C32007ABAE7 /* ZBarReaderViewController.h */,
				DF7A83911C7C2C32007ABAE7 /* ZBarSDK.h */,
				DF7A83921C7C2C32007ABAE7 /* ZBarSymbol.h */,
			);
			path = ZBarSDK;
			sourceTree = "<group>";
		};
		DF7A837E1C7C2C32007ABAE7 /* zbar */ = {
			isa = PBXGroup;
			children = (
				DF7A837F1C7C2C32007ABAE7 /* Decoder.h */,
				DF7A83801C7C2C32007ABAE7 /* Exception.h */,
				DF7A83811C7C2C32007ABAE7 /* Image.h */,
				DF7A83821C7C2C32007ABAE7 /* ImageScanner.h */,
				DF7A83831C7C2C32007ABAE7 /* Processor.h */,
				DF7A83841C7C2C32007ABAE7 /* Scanner.h */,
				DF7A83851C7C2C32007ABAE7 /* Symbol.h */,
				DF7A83861C7C2C32007ABAE7 /* Video.h */,
				DF7A83871C7C2C32007ABAE7 /* Window.h */,
			);
			path = zbar;
			sourceTree = "<group>";
		};
		DF7A83941C7C2C32007ABAE7 /* Resources */ = {
			isa = PBXGroup;
			children = (
				DF7A83951C7C2C32007ABAE7 /* zbar-back.png */,
				DF7A83961C7C2C32007ABAE7 /* zbar-help.html */,
				DF7A83971C7C2C32007ABAE7 /* zbar-helpicons.png */,
				DF7A83981C7C2C32007ABAE7 /* zbar-samples.png */,
			);
			path = Resources;
			sourceTree = "<group>";
		};
		DF7A83DD1C7DBCA8007ABAE7 /* UMSocial_Sdk_5.0 */ = {
			isa = PBXGroup;
			children = (
				DF7A83DE1C7DBCA8007ABAE7 /* UMSocialLocalizable.strings */,
				DF7A83E01C7DBCA8007ABAE7 /* Header */,
				DF7A83EC1C7DBCA8007ABAE7 /* libUMSocial_Sdk_5.0.a */,
				DF7A83ED1C7DBCA8007ABAE7 /* SocialSDKXib */,
				DF7A83F61C7DBCA8007ABAE7 /* UMSocialSDKResourcesNew.bundle */,
			);
			path = UMSocial_Sdk_5.0;
			sourceTree = "<group>";
		};
		DF7A83E01C7DBCA8007ABAE7 /* Header */ = {
			isa = PBXGroup;
			children = (
				DF7A83E11C7DBCA8007ABAE7 /* UMSocial.h */,
				DF7A83E21C7DBCA8007ABAE7 /* UMSocialAccountManager.h */,
				DF7A83E31C7DBCA8007ABAE7 /* UMSocialBar.h */,
				DF7A83E41C7DBCA8007ABAE7 /* UMSocialConfig.h */,
				DF7A83E51C7DBCA8007ABAE7 /* UMSocialControllerService.h */,
				DF7A83E61C7DBCA8007ABAE7 /* UMSocialControllerServiceComment.h */,
				DF7A83E71C7DBCA8007ABAE7 /* UMSocialData.h */,
				DF7A83E81C7DBCA8007ABAE7 /* UMSocialDataService.h */,
				DF7A83E91C7DBCA8007ABAE7 /* UMSocialSnsData.h */,
				DF7A83EA1C7DBCA8007ABAE7 /* UMSocialSnsPlatformManager.h */,
				DF7A83EB1C7DBCA8007ABAE7 /* UMSocialSnsService.h */,
			);
			path = Header;
			sourceTree = "<group>";
		};
		DF7A83ED1C7DBCA8007ABAE7 /* SocialSDKXib */ = {
			isa = PBXGroup;
			children = (
				DF7A83EE1C7DBCA8007ABAE7 /* UMSCommentDetailController.xib */,
				DF7A83EF1C7DBCA8007ABAE7 /* UMSCommentInputController.xib */,
				DF7A83F01C7DBCA8007ABAE7 /* UMSCommentInputControlleriPad.xib */,
				DF7A83F11C7DBCA8007ABAE7 /* UMShareEditViewController.xib */,
				DF7A83F21C7DBCA8007ABAE7 /* UMShareEditViewControlleriPad.xib */,
				DF7A83F31C7DBCA8007ABAE7 /* UMSLoginViewController.xib */,
				DF7A83F41C7DBCA8007ABAE7 /* UMSnsAccountViewController.xib */,
				DF7A83F51C7DBCA8007ABAE7 /* UMSShareListController.xib */,
			);
			path = SocialSDKXib;
			sourceTree = "<group>";
		};
		DF7A84061C7EF715007ABAE7 /* Wechat */ = {
			isa = PBXGroup;
			children = (
				DF7A84071C7EF715007ABAE7 /* libSocialWechat.a */,
				DF7A84081C7EF715007ABAE7 /* libWeChatSDK.a */,
				DF7A84091C7EF715007ABAE7 /* UMSocialWechatHandler.h */,
				DF7A840A1C7EF715007ABAE7 /* WechatAuthSDK.h */,
				DF7A840B1C7EF715007ABAE7 /* WXApi.h */,
				DF7A840C1C7EF715007ABAE7 /* WXApiObject.h */,
			);
			path = Wechat;
			sourceTree = "<group>";
		};
		DF7A840F1C805955007ABAE7 /* TencentOpenAPI */ = {
			isa = PBXGroup;
			children = (
				DF7A84101C805955007ABAE7 /* libSocialQQ.a */,
				DF7A84111C805955007ABAE7 /* TencentOpenAPI.framework */,
				DF7A84121C805955007ABAE7 /* TencentOpenApi_IOS_Bundle.bundle */,
				DF7A84131C805955007ABAE7 /* UMSocialQQHandler.h */,
			);
			path = TencentOpenAPI;
			sourceTree = "<group>";
		};
		DF8B9B821C314ED100FCA90A = {
			isa = PBXGroup;
			children = (
				DF8B9B8D1C314ED100FCA90A /* HuoYuan */,
				DF8B9BAA1C314ED100FCA90A /* HuoYuanTests */,
				DF8B9B8C1C314ED100FCA90A /* Products */,
				DCCCFC4DA14931A71B3807DF /* Pods */,
				3FF48526ED2F12929DE46D9D /* Frameworks */,
			);
			sourceTree = "<group>";
		};
		DF8B9B8C1C314ED100FCA90A /* Products */ = {
			isa = PBXGroup;
			children = (
				DF8B9B8B1C314ED100FCA90A /* HuoYuan.app */,
				DF8B9BA71C314ED100FCA90A /* HuoYuanTests.xctest */,
			);
			name = Products;
			sourceTree = "<group>";
		};
		DF8B9B8D1C314ED100FCA90A /* HuoYuan */ = {
			isa = PBXGroup;
			children = (
				DF7A83491C7B0E88007ABAE7 /* Constant.h */,
				DF8B9B911C314ED100FCA90A /* AppDelegate.h */,
				DF8B9B921C314ED100FCA90A /* AppDelegate.mm */,
				DF1B4FD51C45279F002DE6AD /* SettingDefaultPage.h */,
				DF1B4FD61C45279F002DE6AD /* SettingDefaultPage.m */,
				DF7A83AB1C7D5723007ABAE7 /* WebViewController.h */,
				DF7A83AC1C7D5723007ABAE7 /* WebViewController.m */,
				DF7A84031C7EA040007ABAE7 /* APITestTableViewController.h */,
				DF7A84041C7EA040007ABAE7 /* APITestTableViewController.m */,
				DF8B9B941C314ED100FCA90A /* ViewController.h */,
				DF8B9B951C314ED100FCA90A /* ViewController.m */,
				DF8B9BBC1C31519600FCA90A /* Utility */,
				DF7A83451C7B0DD3007ABAE7 /* CommonView */,
				DF8B9B9D1C314ED100FCA90A /* Assets.xcassets */,
				DF8B9BA21C314ED100FCA90A /* Info.plist */,
				DF8B9B9A1C314ED100FCA90A /* HuoYuan.xcdatamodeld */,
				DF8B9B8E1C314ED100FCA90A /* Supporting Files */,
			);
			path = HuoYuan;
			sourceTree = "<group>";
		};
		DF8B9B8E1C314ED100FCA90A /* Supporting Files */ = {
			isa = PBXGroup;
			children = (
				DF7A840F1C805955007ABAE7 /* TencentOpenAPI */,
				DF7A84061C7EF715007ABAE7 /* Wechat */,
				DF7A83B11C7D8258007ABAE7 /* libz.tbd */,
				DF7A83AE1C7D820D007ABAE7 /* libMobClickLibrary.a */,
				DF7A83AF1C7D820D007ABAE7 /* MobClick.h */,
				DF7A837B1C7C2C32007ABAE7 /* ZBarSDK */,
				DF7A83A61C7C64CF007ABAE7 /* libiconv.2.4.0.tbd */,
				DF7A83DD1C7DBCA8007ABAE7 /* UMSocial_Sdk_5.0 */,
				DF7A83A41C7C64B5007ABAE7 /* CoreVideo.framework */,
				DF7A83A21C7C64AA007ABAE7 /* CoreAudio.framework */,
				DF7A83A01C7C64A2007ABAE7 /* CoreMedia.framework */,
				DF7A839E1C7C6492007ABAE7 /* AVFoundation.framework */,
				DF7A835B1C7BF953007ABAE7 /* mapapi.bundle */,
				DF7A836D1C7C074D007ABAE7 /* libstdc++.6.0.9.tbd */,
				DF7A836B1C7C0743007ABAE7 /* CoreTelephony.framework */,
				DF7A83691C7C0733007ABAE7 /* libsqlite3.0.tbd */,
				DF7A83671C7C0727007ABAE7 /* Security.framework */,
				DF7A83651C7C071B007ABAE7 /* CoreGraphics.framework */,
				DF7A83631C7C070B007ABAE7 /* SystemConfiguration.framework */,
				DF7A83611C7C0701007ABAE7 /* OpenGLES.framework */,
				DF7A835F1C7C06F8007ABAE7 /* QuartzCore.framework */,
				DF7A835D1C7C06EC007ABAE7 /* CoreLocation.framework */,
				DF7A834D1C7BF821007ABAE7 /* BaiduMapAPI_Base.framework */,
				DF7A834E1C7BF821007ABAE7 /* BaiduMapAPI_Cloud.framework */,
				DF7A834F1C7BF821007ABAE7 /* BaiduMapAPI_Location.framework */,
				DF7A83501C7BF821007ABAE7 /* BaiduMapAPI_Map.framework */,
				DF7A83511C7BF821007ABAE7 /* BaiduMapAPI_Radar.framework */,
				DF7A83521C7BF821007ABAE7 /* BaiduMapAPI_Search.framework */,
				DF7A83531C7BF821007ABAE7 /* BaiduMapAPI_Utils.framework */,
				DF7A834B1C7BF399007ABAE7 /* phone_alert_title_icon@2x.png */,
				DF7A83DB1C7DBAF8007ABAE7 /* share_app_icon@2x.png */,
				DF7A83D91C7DB53A007ABAE7 /* share_btn@2x.png */,
				DF7A83771C7C163F007ABAE7 /* app_launch_image@3x.png */,
				DF7A83731C7C091C007ABAE7 /* app_launch_image@2x.png */,
				DFF58CB81C75BD2F00C33092 /* cardcheck_normor@2x.png */,
				DFF58CB91C75BD2F00C33092 /* cardcheck_selected@2x.png */,
				DF3771D61C55EA1100B1EB19 /* app_icon_152x152.png */,
				DF3771D71C55EA1100B1EB19 /* app_icon_144x144.png */,
				DF3771D81C55EA1100B1EB19 /* app_icon_120x120.png */,
				DF3771D91C55EA1100B1EB19 /* app_icon_114x114.png */,
				DF3771DA1C55EA1100B1EB19 /* app_icon_76x76.png */,
				DF3771DB1C55EA1100B1EB19 /* app_icon_72x72.png */,
				DF3771DC1C55EA1100B1EB19 /* app_icon_57x57.png */,
				DF3771D41C55CF1F00B1EB19 /* launch_img_640x960.png */,
				DF3771CC1C55CA5000B1EB19 /* icon_mobile_phone@2x.png */,
				DF3771CD1C55CA5000B1EB19 /* icon_api_test@2x.png */,
				DFDF7EBD1C49F2E300BC88FA /* icon_row_right@2x.png */,
				DFDF7EBB1C49F1C900BC88FA /* icon_qrcode@2x.png */,
				DF8B9B8F1C314ED100FCA90A /* main.m */,
				DF7A834A1C7B0F46007ABAE7 /* HuoYuan-prefix.pch */,
			);
			name = "Supporting Files";
			sourceTree = "<group>";
		};
		DF8B9BAA1C314ED100FCA90A /* HuoYuanTests */ = {
			isa = PBXGroup;
			children = (
				DF8B9BAB1C314ED100FCA90A /* HuoYuanTests.m */,
				DF8B9BAD1C314ED100FCA90A /* Info.plist */,
			);
			path = HuoYuanTests;
			sourceTree = "<group>";
		};
		DF8B9BBC1C31519600FCA90A /* Utility */ = {
			isa = PBXGroup;
			children = (
				DF8B9BB91C31518B00FCA90A /* DataUtility.h */,
				DF8B9BBA1C31518B00FCA90A /* DataUtility.m */,
				DFF58CB51C75B70C00C33092 /* ViewUtility.h */,
				DFF58CB61C75B70C00C33092 /* ViewUtility.m */,
			);
			name = Utility;
			sourceTree = "<group>";
		};
/* End PBXGroup section */

/* Begin PBXNativeTarget section */
		DF8B9B8A1C314ED100FCA90A /* HuoYuan */ = {
			isa = PBXNativeTarget;
			buildConfigurationList = DF8B9BB01C314ED100FCA90A /* Build configuration list for PBXNativeTarget "HuoYuan" */;
			buildPhases = (
				284BB4AAA3C9BB454D6CE2C5 /* Check Pods Manifest.lock */,
				DF8B9B871C314ED100FCA90A /* Sources */,
				DF8B9B881C314ED100FCA90A /* Frameworks */,
				DF8B9B891C314ED100FCA90A /* Resources */,
				99AF58A5C58F5766735608C7 /* Embed Pods Frameworks */,
				7EAFDF516CBC7F973F6700AC /* Copy Pods Resources */,
			);
			buildRules = (
			);
			dependencies = (
			);
			name = HuoYuan;
			productName = HuoYuan;
			productReference = DF8B9B8B1C314ED100FCA90A /* HuoYuan.app */;
			productType = "com.apple.product-type.application";
		};
		DF8B9BA61C314ED100FCA90A /* HuoYuanTests */ = {
			isa = PBXNativeTarget;
			buildConfigurationList = DF8B9BB31C314ED100FCA90A /* Build configuration list for PBXNativeTarget "HuoYuanTests" */;
			buildPhases = (
				DF8B9BA31C314ED100FCA90A /* Sources */,
				DF8B9BA41C314ED100FCA90A /* Frameworks */,
				DF8B9BA51C314ED100FCA90A /* Resources */,
			);
			buildRules = (
			);
			dependencies = (
				DF8B9BA91C314ED100FCA90A /* PBXTargetDependency */,
			);
			name = HuoYuanTests;
			productName = HuoYuanTests;
			productReference = DF8B9BA71C314ED100FCA90A /* HuoYuanTests.xctest */;
			productType = "com.apple.product-type.bundle.unit-test";
		};
/* End PBXNativeTarget section */

/* Begin PBXProject section */
		DF8B9B831C314ED100FCA90A /* Project object */ = {
			isa = PBXProject;
			attributes = {
				LastUpgradeCheck = 0720;
				ORGANIZATIONNAME = dj0708;
				TargetAttributes = {
					DF8B9B8A1C314ED100FCA90A = {
						CreatedOnToolsVersion = 7.2;
					};
					DF8B9BA61C314ED100FCA90A = {
						CreatedOnToolsVersion = 7.2;
						TestTargetID = DF8B9B8A1C314ED100FCA90A;
					};
				};
			};
			buildConfigurationList = DF8B9B861C314ED100FCA90A /* Build configuration list for PBXProject "HuoYuan" */;
			compatibilityVersion = "Xcode 3.2";
			developmentRegion = English;
			hasScannedForEncodings = 0;
			knownRegions = (
				en,
				Base,
				"zh-Hans",
			);
			mainGroup = DF8B9B821C314ED100FCA90A;
			productRefGroup = DF8B9B8C1C314ED100FCA90A /* Products */;
			projectDirPath = "";
			projectRoot = "";
			targets = (
				DF8B9B8A1C314ED100FCA90A /* HuoYuan */,
				DF8B9BA61C314ED100FCA90A /* HuoYuanTests */,
			);
		};
/* End PBXProject section */

/* Begin PBXResourcesBuildPhase section */
		DF8B9B891C314ED100FCA90A /* Resources */ = {
			isa = PBXResourcesBuildPhase;
			buildActionMask = 2147483647;
			files = (
				DF7A835C1C7BF953007ABAE7 /* mapapi.bundle in Resources */,
				DF7A83DC1C7DBAF8007ABAE7 /* share_app_icon@2x.png in Resources */,
				DF7A839D1C7C2C32007ABAE7 /* zbar-samples.png in Resources */,
				DF7A83741C7C091C007ABAE7 /* app_launch_image@2x.png in Resources */,
				DF7A839C1C7C2C32007ABAE7 /* zbar-helpicons.png in Resources */,
				DF7A83FE1C7DBCA8007ABAE7 /* UMShareEditViewControlleriPad.xib in Resources */,
				DFF58CBA1C75BD2F00C33092 /* cardcheck_normor@2x.png in Resources */,
				DFF58CBB1C75BD2F00C33092 /* cardcheck_selected@2x.png in Resources */,
				DFDF7EBE1C49F2E300BC88FA /* icon_row_right@2x.png in Resources */,
				DF3771DE1C55EA1100B1EB19 /* app_icon_144x144.png in Resources */,
				DF7A84001C7DBCA8007ABAE7 /* UMSnsAccountViewController.xib in Resources */,
				DF7A83FA1C7DBCA8007ABAE7 /* UMSCommentDetailController.xib in Resources */,
				DF7A834C1C7BF399007ABAE7 /* phone_alert_title_icon@2x.png in Resources */,
				DF3771DD1C55EA1100B1EB19 /* app_icon_152x152.png in Resources */,
				DF3771E01C55EA1100B1EB19 /* app_icon_114x114.png in Resources */,
				DF7A83FC1C7DBCA8007ABAE7 /* UMSCommentInputControlleriPad.xib in Resources */,
				DF7A83FD1C7DBCA8007ABAE7 /* UMShareEditViewController.xib in Resources */,
				DF7A839A1C7C2C32007ABAE7 /* zbar-back.png in Resources */,
				DF7A83FB1C7DBCA8007ABAE7 /* UMSCommentInputController.xib in Resources */,
				DF8B9B9E1C314ED100FCA90A /* Assets.xcassets in Resources */,
				DF3771DF1C55EA1100B1EB19 /* app_icon_120x120.png in Resources */,
				DF3771E31C55EA1100B1EB19 /* app_icon_57x57.png in Resources */,
				DF3771CE1C55CA5000B1EB19 /* icon_mobile_phone@2x.png in Resources */,
				DF3771E21C55EA1100B1EB19 /* app_icon_72x72.png in Resources */,
				DF7A84161C805955007ABAE7 /* TencentOpenApi_IOS_Bundle.bundle in Resources */,
				DF3771E11C55EA1100B1EB19 /* app_icon_76x76.png in Resources */,
				DF7A84011C7DBCA8007ABAE7 /* UMSShareListController.xib in Resources */,
				DF7A83FF1C7DBCA8007ABAE7 /* UMSLoginViewController.xib in Resources */,
				DF3771D51C55CF1F00B1EB19 /* launch_img_640x960.png in Resources */,
				DF3771CF1C55CA5000B1EB19 /* icon_api_test@2x.png in Resources */,
				DF7A83781C7C163F007ABAE7 /* app_launch_image@3x.png in Resources */,
				DF7A83F81C7DBCA8007ABAE7 /* UMSocialLocalizable.strings in Resources */,
				DF7A839B1C7C2C32007ABAE7 /* zbar-help.html in Resources */,
				DF7A83DA1C7DB53A007ABAE7 /* share_btn@2x.png in Resources */,
				DFDF7EBC1C49F1C900BC88FA /* icon_qrcode@2x.png in Resources */,
				DF7A84021C7DBCA8007ABAE7 /* UMSocialSDKResourcesNew.bundle in Resources */,
			);
			runOnlyForDeploymentPostprocessing = 0;
		};
		DF8B9BA51C314ED100FCA90A /* Resources */ = {
			isa = PBXResourcesBuildPhase;
			buildActionMask = 2147483647;
			files = (
			);
			runOnlyForDeploymentPostprocessing = 0;
		};
/* End PBXResourcesBuildPhase section */

/* Begin PBXShellScriptBuildPhase section */
		284BB4AAA3C9BB454D6CE2C5 /* Check Pods Manifest.lock */ = {
			isa = PBXShellScriptBuildPhase;
			buildActionMask = 2147483647;
			files = (
			);
			inputPaths = (
			);
			name = "Check Pods Manifest.lock";
			outputPaths = (
			);
			runOnlyForDeploymentPostprocessing = 0;
			shellPath = /bin/sh;
			shellScript = "diff \"${PODS_ROOT}/../Podfile.lock\" \"${PODS_ROOT}/Manifest.lock\" > /dev/null\nif [[ $? != 0 ]] ; then\n    cat << EOM\nerror: The sandbox is not in sync with the Podfile.lock. Run 'pod install' or update your CocoaPods installation.\nEOM\n    exit 1\nfi\n";
			showEnvVarsInLog = 0;
		};
		7EAFDF516CBC7F973F6700AC /* Copy Pods Resources */ = {
			isa = PBXShellScriptBuildPhase;
			buildActionMask = 2147483647;
			files = (
			);
			inputPaths = (
			);
			name = "Copy Pods Resources";
			outputPaths = (
			);
			runOnlyForDeploymentPostprocessing = 0;
			shellPath = /bin/sh;
			shellScript = "\"${SRCROOT}/Pods/Target Support Files/Pods-HuoYuan/Pods-HuoYuan-resources.sh\"\n";
			showEnvVarsInLog = 0;
		};
		99AF58A5C58F5766735608C7 /* Embed Pods Frameworks */ = {
			isa = PBXShellScriptBuildPhase;
			buildActionMask = 2147483647;
			files = (
			);
			inputPaths = (
			);
			name = "Embed Pods Frameworks";
			outputPaths = (
			);
			runOnlyForDeploymentPostprocessing = 0;
			shellPath = /bin/sh;
			shellScript = "\"${SRCROOT}/Pods/Target Support Files/Pods-HuoYuan/Pods-HuoYuan-frameworks.sh\"\n";
			showEnvVarsInLog = 0;
		};
/* End PBXShellScriptBuildPhase section */

/* Begin PBXSourcesBuildPhase section */
		DF8B9B871C314ED100FCA90A /* Sources */ = {
			isa = PBXSourcesBuildPhase;
			buildActionMask = 2147483647;
			files = (
				DF8B9B961C314ED100FCA90A /* ViewController.m in Sources */,
				DF7A83481C7B0DEF007ABAE7 /* DealPasswordView.m in Sources */,
				DF7A84051C7EA040007ABAE7 /* APITestTableViewController.m in Sources */,
				DF8B9B9C1C314ED100FCA90A /* HuoYuan.xcdatamodeld in Sources */,
				DF8B9B931C314ED100FCA90A /* AppDelegate.mm in Sources */,
				DF7A83AD1C7D5723007ABAE7 /* WebViewController.m in Sources */,
				DF8B9B901C314ED100FCA90A /* main.m in Sources */,
				DF8B9BBB1C31518B00FCA90A /* DataUtility.m in Sources */,
				DFF58CB71C75B70C00C33092 /* ViewUtility.m in Sources */,
				DF1B4FD71C45279F002DE6AD /* SettingDefaultPage.m in Sources */,
			);
			runOnlyForDeploymentPostprocessing = 0;
		};
		DF8B9BA31C314ED100FCA90A /* Sources */ = {
			isa = PBXSourcesBuildPhase;
			buildActionMask = 2147483647;
			files = (
				DF8B9BAC1C314ED100FCA90A /* HuoYuanTests.m in Sources */,
			);
			runOnlyForDeploymentPostprocessing = 0;
		};
/* End PBXSourcesBuildPhase section */

/* Begin PBXTargetDependency section */
		DF8B9BA91C314ED100FCA90A /* PBXTargetDependency */ = {
			isa = PBXTargetDependency;
			target = DF8B9B8A1C314ED100FCA90A /* HuoYuan */;
			targetProxy = DF8B9BA81C314ED100FCA90A /* PBXContainerItemProxy */;
		};
/* End PBXTargetDependency section */

/* Begin PBXVariantGroup section */
		DF7A83DE1C7DBCA8007ABAE7 /* UMSocialLocalizable.strings */ = {
			isa = PBXVariantGroup;
			children = (
				DF7A83DF1C7DBCA8007ABAE7 /* en */,
				DF7A83F71C7DBCA8007ABAE7 /* zh-Hans */,
			);
			name = UMSocialLocalizable.strings;
			sourceTree = "<group>";
		};
/* End PBXVariantGroup section */

/* Begin XCBuildConfiguration section */
		DF8B9BAE1C314ED100FCA90A /* Debug */ = {
			isa = XCBuildConfiguration;
			buildSettings = {
				ALWAYS_SEARCH_USER_PATHS = NO;
				CLANG_CXX_LANGUAGE_STANDARD = "gnu++0x";
				CLANG_CXX_LIBRARY = "libc++";
				CLANG_ENABLE_MODULES = YES;
				CLANG_ENABLE_OBJC_ARC = YES;
				CLANG_WARN_BOOL_CONVERSION = YES;
				CLANG_WARN_CONSTANT_CONVERSION = YES;
				CLANG_WARN_DIRECT_OBJC_ISA_USAGE = YES_ERROR;
				CLANG_WARN_EMPTY_BODY = YES;
				CLANG_WARN_ENUM_CONVERSION = YES;
				CLANG_WARN_INT_CONVERSION = YES;
				CLANG_WARN_OBJC_ROOT_CLASS = YES_ERROR;
				CLANG_WARN_UNREACHABLE_CODE = YES;
				CLANG_WARN__DUPLICATE_METHOD_MATCH = YES;
				"CODE_SIGN_IDENTITY[sdk=iphoneos*]" = "iPhone Developer";
				COPY_PHASE_STRIP = NO;
				DEBUG_INFORMATION_FORMAT = dwarf;
				ENABLE_STRICT_OBJC_MSGSEND = YES;
				ENABLE_TESTABILITY = YES;
				GCC_C_LANGUAGE_STANDARD = gnu99;
				GCC_DYNAMIC_NO_PIC = NO;
				GCC_NO_COMMON_BLOCKS = YES;
				GCC_OPTIMIZATION_LEVEL = 0;
				GCC_PREPROCESSOR_DEFINITIONS = (
					"DEBUG=1",
					"$(inherited)",
				);
				GCC_WARN_64_TO_32_BIT_CONVERSION = YES;
				GCC_WARN_ABOUT_RETURN_TYPE = YES_ERROR;
				GCC_WARN_UNDECLARED_SELECTOR = YES;
				GCC_WARN_UNINITIALIZED_AUTOS = YES_AGGRESSIVE;
				GCC_WARN_UNUSED_FUNCTION = YES;
				GCC_WARN_UNUSED_VARIABLE = YES;
				IPHONEOS_DEPLOYMENT_TARGET = 6.0;
				MTL_ENABLE_DEBUG_INFO = YES;
				ONLY_ACTIVE_ARCH = YES;
				SDKROOT = iphoneos;
			};
			name = Debug;
		};
		DF8B9BAF1C314ED100FCA90A /* Release */ = {
			isa = XCBuildConfiguration;
			buildSettings = {
				ALWAYS_SEARCH_USER_PATHS = NO;
				CLANG_CXX_LANGUAGE_STANDARD = "gnu++0x";
				CLANG_CXX_LIBRARY = "libc++";
				CLANG_ENABLE_MODULES = YES;
				CLANG_ENABLE_OBJC_ARC = YES;
				CLANG_WARN_BOOL_CONVERSION = YES;
				CLANG_WARN_CONSTANT_CONVERSION = YES;
				CLANG_WARN_DIRECT_OBJC_ISA_USAGE = YES_ERROR;
				CLANG_WARN_EMPTY_BODY = YES;
				CLANG_WARN_ENUM_CONVERSION = YES;
				CLANG_WARN_INT_CONVERSION = YES;
				CLANG_WARN_OBJC_ROOT_CLASS = YES_ERROR;
				CLANG_WARN_UNREACHABLE_CODE = YES;
				CLANG_WARN__DUPLICATE_METHOD_MATCH = YES;
				"CODE_SIGN_IDENTITY[sdk=iphoneos*]" = "iPhone Developer";
				COPY_PHASE_STRIP = NO;
				DEBUG_INFORMATION_FORMAT = "dwarf-with-dsym";
				ENABLE_NS_ASSERTIONS = NO;
				ENABLE_STRICT_OBJC_MSGSEND = YES;
				GCC_C_LANGUAGE_STANDARD = gnu99;
				GCC_NO_COMMON_BLOCKS = YES;
				GCC_WARN_64_TO_32_BIT_CONVERSION = YES;
				GCC_WARN_ABOUT_RETURN_TYPE = YES_ERROR;
				GCC_WARN_UNDECLARED_SELECTOR = YES;
				GCC_WARN_UNINITIALIZED_AUTOS = YES_AGGRESSIVE;
				GCC_WARN_UNUSED_FUNCTION = YES;
				GCC_WARN_UNUSED_VARIABLE = YES;
				IPHONEOS_DEPLOYMENT_TARGET = 6.0;
				MTL_ENABLE_DEBUG_INFO = NO;
				SDKROOT = iphoneos;
				VALIDATE_PRODUCT = YES;
			};
			name = Release;
		};
		DF8B9BB11C314ED100FCA90A /* Debug */ = {
			isa = XCBuildConfiguration;
			baseConfigurationReference = 97AF6014733D6423609D5D29 /* Pods-HuoYuan.debug.xcconfig */;
			buildSettings = {
				ASSETCATALOG_COMPILER_APPICON_NAME = "AppIcon-2";
				ASSETCATALOG_COMPILER_LAUNCHIMAGE_NAME = "Brand Assets";
				ENABLE_BITCODE = NO;
				FRAMEWORK_SEARCH_PATHS = (
					"$(inherited)",
					"$(PROJECT_DIR)",
					"$(PROJECT_DIR)/HuoYuan/TencentOpenAPI",
				);
				GCC_PREFIX_HEADER = "$(SRCROOT)/HuoYuan/HuoYuan-prefix.pch";
				INFOPLIST_FILE = HuoYuan/Info.plist;
				IPHONEOS_DEPLOYMENT_TARGET = 6.0;
				LD_RUNPATH_SEARCH_PATHS = "$(inherited) @executable_path/Frameworks";
				LIBRARY_SEARCH_PATHS = (
					"$(inherited)",
					"$(PROJECT_DIR)/HuoYuan/ZBarSDK",
					"$(PROJECT_DIR)/HuoYuan",
					"$(PROJECT_DIR)/HuoYuan/UMSocial_Sdk_5.0",
					"$(PROJECT_DIR)/HuoYuan/Wechat",
					"$(PROJECT_DIR)/HuoYuan/TencentOpenAPI",
				);
				PRODUCT_BUNDLE_IDENTIFIER = com.qike.HuoYuan;
				PRODUCT_NAME = "$(TARGET_NAME)";
			};
			name = Debug;
		};
		DF8B9BB21C314ED100FCA90A /* Release */ = {
			isa = XCBuildConfiguration;
			baseConfigurationReference = 77314E2958BB1227FD55B8EB /* Pods-HuoYuan.release.xcconfig */;
			buildSettings = {
				ASSETCATALOG_COMPILER_APPICON_NAME = "AppIcon-2";
				ASSETCATALOG_COMPILER_LAUNCHIMAGE_NAME = "Brand Assets";
				ENABLE_BITCODE = NO;
				FRAMEWORK_SEARCH_PATHS = (
					"$(inherited)",
					"$(PROJECT_DIR)",
					"$(PROJECT_DIR)/HuoYuan/TencentOpenAPI",
				);
				GCC_PREFIX_HEADER = "$(SRCROOT)/HuoYuan/HuoYuan-prefix.pch";
				INFOPLIST_FILE = HuoYuan/Info.plist;
				IPHONEOS_DEPLOYMENT_TARGET = 6.0;
				LD_RUNPATH_SEARCH_PATHS = "$(inherited) @executable_path/Frameworks";
				LIBRARY_SEARCH_PATHS = (
					"$(inherited)",
					"$(PROJECT_DIR)/HuoYuan/ZBarSDK",
					"$(PROJECT_DIR)/HuoYuan",
					"$(PROJECT_DIR)/HuoYuan/UMSocial_Sdk_5.0",
					"$(PROJECT_DIR)/HuoYuan/Wechat",
					"$(PROJECT_DIR)/HuoYuan/TencentOpenAPI",
				);
				PRODUCT_BUNDLE_IDENTIFIER = com.qike.HuoYuan;
				PRODUCT_NAME = "$(TARGET_NAME)";
			};
			name = Release;
		};
		DF8B9BB41C314ED100FCA90A /* Debug */ = {
			isa = XCBuildConfiguration;
			buildSettings = {
				BUNDLE_LOADER = "$(TEST_HOST)";
				INFOPLIST_FILE = HuoYuanTests/Info.plist;
				LD_RUNPATH_SEARCH_PATHS = "$(inherited) @executable_path/Frameworks @loader_path/Frameworks";
				PRODUCT_BUNDLE_IDENTIFIER = com.piaojubao.HuoYuanTests;
				PRODUCT_NAME = "$(TARGET_NAME)";
				TEST_HOST = "$(BUILT_PRODUCTS_DIR)/HuoYuan.app/HuoYuan";
			};
			name = Debug;
		};
		DF8B9BB51C314ED100FCA90A /* Release */ = {
			isa = XCBuildConfiguration;
			buildSettings = {
				BUNDLE_LOADER = "$(TEST_HOST)";
				INFOPLIST_FILE = HuoYuanTests/Info.plist;
				LD_RUNPATH_SEARCH_PATHS = "$(inherited) @executable_path/Frameworks @loader_path/Frameworks";
				PRODUCT_BUNDLE_IDENTIFIER = com.piaojubao.HuoYuanTests;
				PRODUCT_NAME = "$(TARGET_NAME)";
				TEST_HOST = "$(BUILT_PRODUCTS_DIR)/HuoYuan.app/HuoYuan";
			};
			name = Release;
		};
/* End XCBuildConfiguration section */

/* Begin XCConfigurationList section */
		DF8B9B861C314ED100FCA90A /* Build configuration list for PBXProject "HuoYuan" */ = {
			isa = XCConfigurationList;
			buildConfigurations = (
				DF8B9BAE1C314ED100FCA90A /* Debug */,
				DF8B9BAF1C314ED100FCA90A /* Release */,
			);
			defaultConfigurationIsVisible = 0;
			defaultConfigurationName = Release;
		};
		DF8B9BB01C314ED100FCA90A /* Build configuration list for PBXNativeTarget "HuoYuan" */ = {
			isa = XCConfigurationList;
			buildConfigurations = (
				DF8B9BB11C314ED100FCA90A /* Debug */,
				DF8B9BB21C314ED100FCA90A /* Release */,
			);
			defaultConfigurationIsVisible = 0;
			defaultConfigurationName = Release;
		};
		DF8B9BB31C314ED100FCA90A /* Build configuration list for PBXNativeTarget "HuoYuanTests" */ = {
			isa = XCConfigurationList;
			buildConfigurations = (
				DF8B9BB41C314ED100FCA90A /* Debug */,
				DF8B9BB51C314ED100FCA90A /* Release */,
			);
			defaultConfigurationIsVisible = 0;
			defaultConfigurationName = Release;
		};
/* End XCConfigurationList section */

/* Begin XCVersionGroup section */
		DF8B9B9A1C314ED100FCA90A /* HuoYuan.xcdatamodeld */ = {
			isa = XCVersionGroup;
			children = (
				DF8B9B9B1C314ED100FCA90A /* HuoYuan.xcdatamodel */,
			);
			currentVersion = DF8B9B9B1C314ED100FCA90A /* HuoYuan.xcdatamodel */;
			path = HuoYuan.xcdatamodeld;
			sourceTree = "<group>";
			versionGroupType = wrapper.xcdatamodel;
		};
/* End XCVersionGroup section */
	};
	rootObject = DF8B9B831C314ED100FCA90A /* Project object */;
}
