// !$*UTF8*$!
{
	archiveVersion = 1;
	classes = {
	};
	objectVersion = 46;
	objects = {

/* Begin PBXBuildFile section */
		DF1B4FD71C45279F002DE6AD /* SettingDefaultPage.m in Sources */ = {isa = PBXBuildFile; fileRef = DF1B4FD61C45279F002DE6AD /* SettingDefaultPage.m */; };
		DF3771CE1C55CA5000B1EB19 /* icon_mobile_phone@2x.png in Resources */ = {isa = PBXBuildFile; fileRef = DF3771CC1C55CA5000B1EB19 /* icon_mobile_phone@2x.png */; };
		DF3771CF1C55CA5000B1EB19 /* icon_api_test@2x.png in Resources */ = {isa = PBXBuildFile; fileRef = DF3771CD1C55CA5000B1EB19 /* icon_api_test@2x.png */; };
		DF3771D51C55CF1F00B1EB19 /* launch_img_640x960.png in Resources */ = {isa = PBXBuildFile; fileRef = DF3771D41C55CF1F00B1EB19 /* launch_img_640x960.png */; };
		DF3771DD1C55EA1100B1EB19 /* app_icon_152x152.png in Resources */ = {isa = PBXBuildFile; fileRef = DF3771D61C55EA1100B1EB19 /* app_icon_152x152.png */; };
		DF3771DE1C55EA1100B1EB19 /* app_icon_144x144.png in Resources */ = {isa = PBXBuildFile; fileRef = DF3771D71C55EA1100B1EB19 /* app_icon_144x144.png */; };
		DF3771DF1C55EA1100B1EB19 /* app_icon_120x120.png in Resources */ = {isa = PBXBuildFile; fileRef = DF3771D81C55EA1100B1EB19 /* app_icon_120x120.png */; };
		DF3771E01C55EA1100B1EB19 /* app_icon_114x114.png in Resources */ = {isa = PBXBuildFile; fileRef = DF3771D91C55EA1100B1EB19 /* app_icon_114x114.png */; };
		DF3771E11C55EA1100B1EB19 /* app_icon_76x76.png in Resources */ = {isa = PBXBuildFile; fileRef = DF3771DA1C55EA1100B1EB19 /* app_icon_76x76.png */; };
		DF3771E21C55EA1100B1EB19 /* app_icon_72x72.png in Resources */ = {isa = PBXBuildFile; fileRef = DF3771DB1C55EA1100B1EB19 /* app_icon_72x72.png */; };
		DF3771E31C55EA1100B1EB19 /* app_icon_57x57.png in Resources */ = {isa = PBXBuildFile; fileRef = DF3771DC1C55EA1100B1EB19 /* app_icon_57x57.png */; };
		DF7A83481C7B0DEF007ABAE7 /* DealPasswordView.m in Sources */ = {isa = PBXBuildFile; fileRef = DF7A83461C7B0DEF007ABAE7 /* DealPasswordView.m */; };
		DF8B9B901C314ED100FCA90A /* main.m in Sources */ = {isa = PBXBuildFile; fileRef = DF8B9B8F1C314ED100FCA90A /* main.m */; };
		DF8B9B931C314ED100FCA90A /* AppDelegate.m in Sources */ = {isa = PBXBuildFile; fileRef = DF8B9B921C314ED100FCA90A /* AppDelegate.m */; };
		DF8B9B961C314ED100FCA90A /* ViewController.m in Sources */ = {isa = PBXBuildFile; fileRef = DF8B9B951C314ED100FCA90A /* ViewController.m */; };
		DF8B9B9C1C314ED100FCA90A /* HuoYuan.xcdatamodeld in Sources */ = {isa = PBXBuildFile; fileRef = DF8B9B9A1C314ED100FCA90A /* HuoYuan.xcdatamodeld */; };
		DF8B9B9E1C314ED100FCA90A /* Assets.xcassets in Resources */ = {isa = PBXBuildFile; fileRef = DF8B9B9D1C314ED100FCA90A /* Assets.xcassets */; };
		DF8B9BAC1C314ED100FCA90A /* HuoYuanTests.m in Sources */ = {isa = PBXBuildFile; fileRef = DF8B9BAB1C314ED100FCA90A /* HuoYuanTests.m */; };
		DF8B9BBB1C31518B00FCA90A /* DataUtility.m in Sources */ = {isa = PBXBuildFile; fileRef = DF8B9BBA1C31518B00FCA90A /* DataUtility.m */; };
		DFDF7EBC1C49F1C900BC88FA /* icon_qrcode@2x.png in Resources */ = {isa = PBXBuildFile; fileRef = DFDF7EBB1C49F1C900BC88FA /* icon_qrcode@2x.png */; };
		DFDF7EBE1C49F2E300BC88FA /* icon_row_right@2x.png in Resources */ = {isa = PBXBuildFile; fileRef = DFDF7EBD1C49F2E300BC88FA /* icon_row_right@2x.png */; };
		DFF58CB71C75B70C00C33092 /* ViewUtility.m in Sources */ = {isa = PBXBuildFile; fileRef = DFF58CB61C75B70C00C33092 /* ViewUtility.m */; };
		DFF58CBA1C75BD2F00C33092 /* cardcheck_normor@2x.png in Resources */ = {isa = PBXBuildFile; fileRef = DFF58CB81C75BD2F00C33092 /* cardcheck_normor@2x.png */; };
		DFF58CBB1C75BD2F00C33092 /* cardcheck_selected@2x.png in Resources */ = {isa = PBXBuildFile; fileRef = DFF58CB91C75BD2F00C33092 /* cardcheck_selected@2x.png */; };
/* End PBXBuildFile section */

/* Begin PBXContainerItemProxy section */
		DF8B9BA81C314ED100FCA90A /* PBXContainerItemProxy */ = {
			isa = PBXContainerItemProxy;
			containerPortal = DF8B9B831C314ED100FCA90A /* Project object */;
			proxyType = 1;
			remoteGlobalIDString = DF8B9B8A1C314ED100FCA90A;
			remoteInfo = HuoYuan;
		};
/* End PBXContainerItemProxy section */

/* Begin PBXFileReference section */
		DF1B4FD51C45279F002DE6AD /* SettingDefaultPage.h */ = {isa = PBXFileReference; fileEncoding = 4; lastKnownFileType = sourcecode.c.h; path = SettingDefaultPage.h; sourceTree = "<group>"; };
		DF1B4FD61C45279F002DE6AD /* SettingDefaultPage.m */ = {isa = PBXFileReference; fileEncoding = 4; lastKnownFileType = sourcecode.c.objc; path = SettingDefaultPage.m; sourceTree = "<group>"; };
		DF3771CC1C55CA5000B1EB19 /* icon_mobile_phone@2x.png */ = {isa = PBXFileReference; lastKnownFileType = image.png; path = "icon_mobile_phone@2x.png"; sourceTree = "<group>"; };
		DF3771CD1C55CA5000B1EB19 /* icon_api_test@2x.png */ = {isa = PBXFileReference; lastKnownFileType = image.png; path = "icon_api_test@2x.png"; sourceTree = "<group>"; };
		DF3771D41C55CF1F00B1EB19 /* launch_img_640x960.png */ = {isa = PBXFileReference; lastKnownFileType = image.png; path = launch_img_640x960.png; sourceTree = "<group>"; };
		DF3771D61C55EA1100B1EB19 /* app_icon_152x152.png */ = {isa = PBXFileReference; lastKnownFileType = image.png; path = app_icon_152x152.png; sourceTree = "<group>"; };
		DF3771D71C55EA1100B1EB19 /* app_icon_144x144.png */ = {isa = PBXFileReference; lastKnownFileType = image.png; path = app_icon_144x144.png; sourceTree = "<group>"; };
		DF3771D81C55EA1100B1EB19 /* app_icon_120x120.png */ = {isa = PBXFileReference; lastKnownFileType = image.png; path = app_icon_120x120.png; sourceTree = "<group>"; };
		DF3771D91C55EA1100B1EB19 /* app_icon_114x114.png */ = {isa = PBXFileReference; lastKnownFileType = image.png; path = app_icon_114x114.png; sourceTree = "<group>"; };
		DF3771DA1C55EA1100B1EB19 /* app_icon_76x76.png */ = {isa = PBXFileReference; lastKnownFileType = image.png; path = app_icon_76x76.png; sourceTree = "<group>"; };
		DF3771DB1C55EA1100B1EB19 /* app_icon_72x72.png */ = {isa = PBXFileReference; lastKnownFileType = image.png; path = app_icon_72x72.png; sourceTree = "<group>"; };
		DF3771DC1C55EA1100B1EB19 /* app_icon_57x57.png */ = {isa = PBXFileReference; lastKnownFileType = image.png; path = app_icon_57x57.png; sourceTree = "<group>"; };
		DF7A83461C7B0DEF007ABAE7 /* DealPasswordView.m */ = {isa = PBXFileReference; fileEncoding = 4; lastKnownFileType = sourcecode.c.objc; path = DealPasswordView.m; sourceTree = "<group>"; };
		DF7A83471C7B0DEF007ABAE7 /* DealPasswordView.h */ = {isa = PBXFileReference; fileEncoding = 4; lastKnownFileType = sourcecode.c.h; path = DealPasswordView.h; sourceTree = "<group>"; };
		DF7A83491C7B0E88007ABAE7 /* Constant.h */ = {isa = PBXFileReference; lastKnownFileType = sourcecode.c.h; path = Constant.h; sourceTree = "<group>"; };
		DF7A834A1C7B0F46007ABAE7 /* HuoYuan-prefix.pch */ = {isa = PBXFileReference; lastKnownFileType = sourcecode.c.h; path = "HuoYuan-prefix.pch"; sourceTree = "<group>"; };
		DF8B9B8B1C314ED100FCA90A /* HuoYuan.app */ = {isa = PBXFileReference; explicitFileType = wrapper.application; includeInIndex = 0; path = HuoYuan.app; sourceTree = BUILT_PRODUCTS_DIR; };
		DF8B9B8F1C314ED100FCA90A /* main.m */ = {isa = PBXFileReference; lastKnownFileType = sourcecode.c.objc; path = main.m; sourceTree = "<group>"; };
		DF8B9B911C314ED100FCA90A /* AppDelegate.h */ = {isa = PBXFileReference; lastKnownFileType = sourcecode.c.h; path = AppDelegate.h; sourceTree = "<group>"; };
		DF8B9B921C314ED100FCA90A /* AppDelegate.m */ = {isa = PBXFileReference; lastKnownFileType = sourcecode.c.objc; path = AppDelegate.m; sourceTree = "<group>"; };
		DF8B9B941C314ED100FCA90A /* ViewController.h */ = {isa = PBXFileReference; lastKnownFileType = sourcecode.c.h; path = ViewController.h; sourceTree = "<group>"; };
		DF8B9B951C314ED100FCA90A /* ViewController.m */ = {isa = PBXFileReference; lastKnownFileType = sourcecode.c.objc; path = ViewController.m; sourceTree = "<group>"; };
		DF8B9B9B1C314ED100FCA90A /* HuoYuan.xcdatamodel */ = {isa = PBXFileReference; lastKnownFileType = wrapper.xcdatamodel; path = HuoYuan.xcdatamodel; sourceTree = "<group>"; };
		DF8B9B9D1C314ED100FCA90A /* Assets.xcassets */ = {isa = PBXFileReference; lastKnownFileType = folder.assetcatalog; path = Assets.xcassets; sourceTree = "<group>"; };
		DF8B9BA21C314ED100FCA90A /* Info.plist */ = {isa = PBXFileReference; lastKnownFileType = text.plist.xml; path = Info.plist; sourceTree = "<group>"; };
		DF8B9BA71C314ED100FCA90A /* HuoYuanTests.xctest */ = {isa = PBXFileReference; explicitFileType = wrapper.cfbundle; includeInIndex = 0; path = HuoYuanTests.xctest; sourceTree = BUILT_PRODUCTS_DIR; };
		DF8B9BAB1C314ED100FCA90A /* HuoYuanTests.m */ = {isa = PBXFileReference; lastKnownFileType = sourcecode.c.objc; path = HuoYuanTests.m; sourceTree = "<group>"; };
		DF8B9BAD1C314ED100FCA90A /* Info.plist */ = {isa = PBXFileReference; lastKnownFileType = text.plist.xml; path = Info.plist; sourceTree = "<group>"; };
		DF8B9BB91C31518B00FCA90A /* DataUtility.h */ = {isa = PBXFileReference; fileEncoding = 4; lastKnownFileType = sourcecode.c.h; path = DataUtility.h; sourceTree = "<group>"; };
		DF8B9BBA1C31518B00FCA90A /* DataUtility.m */ = {isa = PBXFileReference; fileEncoding = 4; lastKnownFileType = sourcecode.c.objc; path = DataUtility.m; sourceTree = "<group>"; };
		DFDF7EBB1C49F1C900BC88FA /* icon_qrcode@2x.png */ = {isa = PBXFileReference; lastKnownFileType = image.png; path = "icon_qrcode@2x.png"; sourceTree = "<group>"; };
		DFDF7EBD1C49F2E300BC88FA /* icon_row_right@2x.png */ = {isa = PBXFileReference; lastKnownFileType = image.png; path = "icon_row_right@2x.png"; sourceTree = "<group>"; };
		DFF58CB51C75B70C00C33092 /* ViewUtility.h */ = {isa = PBXFileReference; fileEncoding = 4; lastKnownFileType = sourcecode.c.h; path = ViewUtility.h; sourceTree = "<group>"; };
		DFF58CB61C75B70C00C33092 /* ViewUtility.m */ = {isa = PBXFileReference; fileEncoding = 4; lastKnownFileType = sourcecode.c.objc; path = ViewUtility.m; sourceTree = "<group>"; };
		DFF58CB81C75BD2F00C33092 /* cardcheck_normor@2x.png */ = {isa = PBXFileReference; lastKnownFileType = image.png; path = "cardcheck_normor@2x.png"; sourceTree = "<group>"; };
		DFF58CB91C75BD2F00C33092 /* cardcheck_selected@2x.png */ = {isa = PBXFileReference; lastKnownFileType = image.png; path = "cardcheck_selected@2x.png"; sourceTree = "<group>"; };
/* End PBXFileReference section */

/* Begin PBXFrameworksBuildPhase section */
		DF8B9B881C314ED100FCA90A /* Frameworks */ = {
			isa = PBXFrameworksBuildPhase;
			buildActionMask = 2147483647;
			files = (
			);
			runOnlyForDeploymentPostprocessing = 0;
		};
		DF8B9BA41C314ED100FCA90A /* Frameworks */ = {
			isa = PBXFrameworksBuildPhase;
			buildActionMask = 2147483647;
			files = (
			);
			runOnlyForDeploymentPostprocessing = 0;
		};
/* End PBXFrameworksBuildPhase section */

/* Begin PBXGroup section */
		DF7A83451C7B0DD3007ABAE7 /* CommonView */ = {
			isa = PBXGroup;
			children = (
				DF7A83471C7B0DEF007ABAE7 /* DealPasswordView.h */,
				DF7A83461C7B0DEF007ABAE7 /* DealPasswordView.m */,
			);
			name = CommonView;
			sourceTree = "<group>";
		};
		DF8B9B821C314ED100FCA90A = {
			isa = PBXGroup;
			children = (
				DF8B9B8D1C314ED100FCA90A /* HuoYuan */,
				DF8B9BAA1C314ED100FCA90A /* HuoYuanTests */,
				DF8B9B8C1C314ED100FCA90A /* Products */,
			);
			sourceTree = "<group>";
		};
		DF8B9B8C1C314ED100FCA90A /* Products */ = {
			isa = PBXGroup;
			children = (
				DF8B9B8B1C314ED100FCA90A /* HuoYuan.app */,
				DF8B9BA71C314ED100FCA90A /* HuoYuanTests.xctest */,
			);
			name = Products;
			sourceTree = "<group>";
		};
		DF8B9B8D1C314ED100FCA90A /* HuoYuan */ = {
			isa = PBXGroup;
			children = (
				DF7A83491C7B0E88007ABAE7 /* Constant.h */,
				DF8B9B911C314ED100FCA90A /* AppDelegate.h */,
				DF8B9B921C314ED100FCA90A /* AppDelegate.m */,
				DF1B4FD51C45279F002DE6AD /* SettingDefaultPage.h */,
				DF1B4FD61C45279F002DE6AD /* SettingDefaultPage.m */,
				DF8B9B941C314ED100FCA90A /* ViewController.h */,
				DF8B9B951C314ED100FCA90A /* ViewController.m */,
				DF8B9BBC1C31519600FCA90A /* Utility */,
				DF7A83451C7B0DD3007ABAE7 /* CommonView */,
				DF8B9B9D1C314ED100FCA90A /* Assets.xcassets */,
				DF8B9BA21C314ED100FCA90A /* Info.plist */,
				DF8B9B9A1C314ED100FCA90A /* HuoYuan.xcdatamodeld */,
				DF8B9B8E1C314ED100FCA90A /* Supporting Files */,
			);
			path = HuoYuan;
			sourceTree = "<group>";
		};
		DF8B9B8E1C314ED100FCA90A /* Supporting Files */ = {
			isa = PBXGroup;
			children = (
				DFF58CB81C75BD2F00C33092 /* cardcheck_normor@2x.png */,
				DFF58CB91C75BD2F00C33092 /* cardcheck_selected@2x.png */,
				DF3771D61C55EA1100B1EB19 /* app_icon_152x152.png */,
				DF3771D71C55EA1100B1EB19 /* app_icon_144x144.png */,
				DF3771D81C55EA1100B1EB19 /* app_icon_120x120.png */,
				DF3771D91C55EA1100B1EB19 /* app_icon_114x114.png */,
				DF3771DA1C55EA1100B1EB19 /* app_icon_76x76.png */,
				DF3771DB1C55EA1100B1EB19 /* app_icon_72x72.png */,
				DF3771DC1C55EA1100B1EB19 /* app_icon_57x57.png */,
				DF3771D41C55CF1F00B1EB19 /* launch_img_640x960.png */,
				DF3771CC1C55CA5000B1EB19 /* icon_mobile_phone@2x.png */,
				DF3771CD1C55CA5000B1EB19 /* icon_api_test@2x.png */,
				DFDF7EBD1C49F2E300BC88FA /* icon_row_right@2x.png */,
				DFDF7EBB1C49F1C900BC88FA /* icon_qrcode@2x.png */,
				DF8B9B8F1C314ED100FCA90A /* main.m */,
				DF7A834A1C7B0F46007ABAE7 /* HuoYuan-prefix.pch */,
			);
			name = "Supporting Files";
			sourceTree = "<group>";
		};
		DF8B9BAA1C314ED100FCA90A /* HuoYuanTests */ = {
			isa = PBXGroup;
			children = (
				DF8B9BAB1C314ED100FCA90A /* HuoYuanTests.m */,
				DF8B9BAD1C314ED100FCA90A /* Info.plist */,
			);
			path = HuoYuanTests;
			sourceTree = "<group>";
		};
		DF8B9BBC1C31519600FCA90A /* Utility */ = {
			isa = PBXGroup;
			children = (
				DF8B9BB91C31518B00FCA90A /* DataUtility.h */,
				DF8B9BBA1C31518B00FCA90A /* DataUtility.m */,
				DFF58CB51C75B70C00C33092 /* ViewUtility.h */,
				DFF58CB61C75B70C00C33092 /* ViewUtility.m */,
			);
			name = Utility;
			sourceTree = "<group>";
		};
/* End PBXGroup section */

/* Begin PBXNativeTarget section */
		DF8B9B8A1C314ED100FCA90A /* HuoYuan */ = {
			isa = PBXNativeTarget;
			buildConfigurationList = DF8B9BB01C314ED100FCA90A /* Build configuration list for PBXNativeTarget "HuoYuan" */;
			buildPhases = (
				DF8B9B871C314ED100FCA90A /* Sources */,
				DF8B9B881C314ED100FCA90A /* Frameworks */,
				DF8B9B891C314ED100FCA90A /* Resources */,
			);
			buildRules = (
			);
			dependencies = (
			);
			name = HuoYuan;
			productName = HuoYuan;
			productReference = DF8B9B8B1C314ED100FCA90A /* HuoYuan.app */;
			productType = "com.apple.product-type.application";
		};
		DF8B9BA61C314ED100FCA90A /* HuoYuanTests */ = {
			isa = PBXNativeTarget;
			buildConfigurationList = DF8B9BB31C314ED100FCA90A /* Build configuration list for PBXNativeTarget "HuoYuanTests" */;
			buildPhases = (
				DF8B9BA31C314ED100FCA90A /* Sources */,
				DF8B9BA41C314ED100FCA90A /* Frameworks */,
				DF8B9BA51C314ED100FCA90A /* Resources */,
			);
			buildRules = (
			);
			dependencies = (
				DF8B9BA91C314ED100FCA90A /* PBXTargetDependency */,
			);
			name = HuoYuanTests;
			productName = HuoYuanTests;
			productReference = DF8B9BA71C314ED100FCA90A /* HuoYuanTests.xctest */;
			productType = "com.apple.product-type.bundle.unit-test";
		};
/* End PBXNativeTarget section */

/* Begin PBXProject section */
		DF8B9B831C314ED100FCA90A /* Project object */ = {
			isa = PBXProject;
			attributes = {
				LastUpgradeCheck = 0720;
				ORGANIZATIONNAME = dj0708;
				TargetAttributes = {
					DF8B9B8A1C314ED100FCA90A = {
						CreatedOnToolsVersion = 7.2;
					};
					DF8B9BA61C314ED100FCA90A = {
						CreatedOnToolsVersion = 7.2;
						TestTargetID = DF8B9B8A1C314ED100FCA90A;
					};
				};
			};
			buildConfigurationList = DF8B9B861C314ED100FCA90A /* Build configuration list for PBXProject "HuoYuan" */;
			compatibilityVersion = "Xcode 3.2";
			developmentRegion = English;
			hasScannedForEncodings = 0;
			knownRegions = (
				en,
				Base,
			);
			mainGroup = DF8B9B821C314ED100FCA90A;
			productRefGroup = DF8B9B8C1C314ED100FCA90A /* Products */;
			projectDirPath = "";
			projectRoot = "";
			targets = (
				DF8B9B8A1C314ED100FCA90A /* HuoYuan */,
				DF8B9BA61C314ED100FCA90A /* HuoYuanTests */,
			);
		};
/* End PBXProject section */

/* Begin PBXResourcesBuildPhase section */
		DF8B9B891C314ED100FCA90A /* Resources */ = {
			isa = PBXResourcesBuildPhase;
			buildActionMask = 2147483647;
			files = (
				DFF58CBA1C75BD2F00C33092 /* cardcheck_normor@2x.png in Resources */,
				DFF58CBB1C75BD2F00C33092 /* cardcheck_selected@2x.png in Resources */,
				DFDF7EBE1C49F2E300BC88FA /* icon_row_right@2x.png in Resources */,
				DF3771DE1C55EA1100B1EB19 /* app_icon_144x144.png in Resources */,
				DF3771DD1C55EA1100B1EB19 /* app_icon_152x152.png in Resources */,
				DF3771E01C55EA1100B1EB19 /* app_icon_114x114.png in Resources */,
				DF8B9B9E1C314ED100FCA90A /* Assets.xcassets in Resources */,
				DF3771DF1C55EA1100B1EB19 /* app_icon_120x120.png in Resources */,
				DF3771E31C55EA1100B1EB19 /* app_icon_57x57.png in Resources */,
				DF3771CE1C55CA5000B1EB19 /* icon_mobile_phone@2x.png in Resources */,
				DF3771E21C55EA1100B1EB19 /* app_icon_72x72.png in Resources */,
				DF3771E11C55EA1100B1EB19 /* app_icon_76x76.png in Resources */,
				DF3771D51C55CF1F00B1EB19 /* launch_img_640x960.png in Resources */,
				DF3771CF1C55CA5000B1EB19 /* icon_api_test@2x.png in Resources */,
				DFDF7EBC1C49F1C900BC88FA /* icon_qrcode@2x.png in Resources */,
			);
			runOnlyForDeploymentPostprocessing = 0;
		};
		DF8B9BA51C314ED100FCA90A /* Resources */ = {
			isa = PBXResourcesBuildPhase;
			buildActionMask = 2147483647;
			files = (
			);
			runOnlyForDeploymentPostprocessing = 0;
		};
/* End PBXResourcesBuildPhase section */

/* Begin PBXSourcesBuildPhase section */
		DF8B9B871C314ED100FCA90A /* Sources */ = {
			isa = PBXSourcesBuildPhase;
			buildActionMask = 2147483647;
			files = (
				DF8B9B961C314ED100FCA90A /* ViewController.m in Sources */,
				DF7A83481C7B0DEF007ABAE7 /* DealPasswordView.m in Sources */,
				DF8B9B9C1C314ED100FCA90A /* HuoYuan.xcdatamodeld in Sources */,
				DF8B9B931C314ED100FCA90A /* AppDelegate.m in Sources */,
				DF8B9B901C314ED100FCA90A /* main.m in Sources */,
				DF8B9BBB1C31518B00FCA90A /* DataUtility.m in Sources */,
				DFF58CB71C75B70C00C33092 /* ViewUtility.m in Sources */,
				DF1B4FD71C45279F002DE6AD /* SettingDefaultPage.m in Sources */,
			);
			runOnlyForDeploymentPostprocessing = 0;
		};
		DF8B9BA31C314ED100FCA90A /* Sources */ = {
			isa = PBXSourcesBuildPhase;
			buildActionMask = 2147483647;
			files = (
				DF8B9BAC1C314ED100FCA90A /* HuoYuanTests.m in Sources */,
			);
			runOnlyForDeploymentPostprocessing = 0;
		};
/* End PBXSourcesBuildPhase section */

/* Begin PBXTargetDependency section */
		DF8B9BA91C314ED100FCA90A /* PBXTargetDependency */ = {
			isa = PBXTargetDependency;
			target = DF8B9B8A1C314ED100FCA90A /* HuoYuan */;
			targetProxy = DF8B9BA81C314ED100FCA90A /* PBXContainerItemProxy */;
		};
/* End PBXTargetDependency section */

/* Begin XCBuildConfiguration section */
		DF8B9BAE1C314ED100FCA90A /* Debug */ = {
			isa = XCBuildConfiguration;
			buildSettings = {
				ALWAYS_SEARCH_USER_PATHS = NO;
				CLANG_CXX_LANGUAGE_STANDARD = "gnu++0x";
				CLANG_CXX_LIBRARY = "libc++";
				CLANG_ENABLE_MODULES = YES;
				CLANG_ENABLE_OBJC_ARC = YES;
				CLANG_WARN_BOOL_CONVERSION = YES;
				CLANG_WARN_CONSTANT_CONVERSION = YES;
				CLANG_WARN_DIRECT_OBJC_ISA_USAGE = YES_ERROR;
				CLANG_WARN_EMPTY_BODY = YES;
				CLANG_WARN_ENUM_CONVERSION = YES;
				CLANG_WARN_INT_CONVERSION = YES;
				CLANG_WARN_OBJC_ROOT_CLASS = YES_ERROR;
				CLANG_WARN_UNREACHABLE_CODE = YES;
				CLANG_WARN__DUPLICATE_METHOD_MATCH = YES;
				"CODE_SIGN_IDENTITY[sdk=iphoneos*]" = "iPhone Developer";
				COPY_PHASE_STRIP = NO;
				DEBUG_INFORMATION_FORMAT = dwarf;
				ENABLE_STRICT_OBJC_MSGSEND = YES;
				ENABLE_TESTABILITY = YES;
				GCC_C_LANGUAGE_STANDARD = gnu99;
				GCC_DYNAMIC_NO_PIC = NO;
				GCC_NO_COMMON_BLOCKS = YES;
				GCC_OPTIMIZATION_LEVEL = 0;
				GCC_PREPROCESSOR_DEFINITIONS = (
					"DEBUG=1",
					"$(inherited)",
				);
				GCC_WARN_64_TO_32_BIT_CONVERSION = YES;
				GCC_WARN_ABOUT_RETURN_TYPE = YES_ERROR;
				GCC_WARN_UNDECLARED_SELECTOR = YES;
				GCC_WARN_UNINITIALIZED_AUTOS = YES_AGGRESSIVE;
				GCC_WARN_UNUSED_FUNCTION = YES;
				GCC_WARN_UNUSED_VARIABLE = YES;
				IPHONEOS_DEPLOYMENT_TARGET = 6.0;
				MTL_ENABLE_DEBUG_INFO = YES;
				ONLY_ACTIVE_ARCH = YES;
				SDKROOT = iphoneos;
			};
			name = Debug;
		};
		DF8B9BAF1C314ED100FCA90A /* Release */ = {
			isa = XCBuildConfiguration;
			buildSettings = {
				ALWAYS_SEARCH_USER_PATHS = NO;
				CLANG_CXX_LANGUAGE_STANDARD = "gnu++0x";
				CLANG_CXX_LIBRARY = "libc++";
				CLANG_ENABLE_MODULES = YES;
				CLANG_ENABLE_OBJC_ARC = YES;
				CLANG_WARN_BOOL_CONVERSION = YES;
				CLANG_WARN_CONSTANT_CONVERSION = YES;
				CLANG_WARN_DIRECT_OBJC_ISA_USAGE = YES_ERROR;
				CLANG_WARN_EMPTY_BODY = YES;
				CLANG_WARN_ENUM_CONVERSION = YES;
				CLANG_WARN_INT_CONVERSION = YES;
				CLANG_WARN_OBJC_ROOT_CLASS = YES_ERROR;
				CLANG_WARN_UNREACHABLE_CODE = YES;
				CLANG_WARN__DUPLICATE_METHOD_MATCH = YES;
				"CODE_SIGN_IDENTITY[sdk=iphoneos*]" = "iPhone Developer";
				COPY_PHASE_STRIP = NO;
				DEBUG_INFORMATION_FORMAT = "dwarf-with-dsym";
				ENABLE_NS_ASSERTIONS = NO;
				ENABLE_STRICT_OBJC_MSGSEND = YES;
				GCC_C_LANGUAGE_STANDARD = gnu99;
				GCC_NO_COMMON_BLOCKS = YES;
				GCC_WARN_64_TO_32_BIT_CONVERSION = YES;
				GCC_WARN_ABOUT_RETURN_TYPE = YES_ERROR;
				GCC_WARN_UNDECLARED_SELECTOR = YES;
				GCC_WARN_UNINITIALIZED_AUTOS = YES_AGGRESSIVE;
				GCC_WARN_UNUSED_FUNCTION = YES;
				GCC_WARN_UNUSED_VARIABLE = YES;
				IPHONEOS_DEPLOYMENT_TARGET = 6.0;
				MTL_ENABLE_DEBUG_INFO = NO;
				SDKROOT = iphoneos;
				VALIDATE_PRODUCT = YES;
			};
			name = Release;
		};
		DF8B9BB11C314ED100FCA90A /* Debug */ = {
			isa = XCBuildConfiguration;
			buildSettings = {
				GCC_PREFIX_HEADER = "$(SRCROOT)/HuoYuan/HuoYuan-prefix.pch";
				INFOPLIST_FILE = HuoYuan/Info.plist;
				IPHONEOS_DEPLOYMENT_TARGET = 6.0;
				LD_RUNPATH_SEARCH_PATHS = "$(inherited) @executable_path/Frameworks";
				PRODUCT_BUNDLE_IDENTIFIER = com.qike.HuoYuan;
				PRODUCT_NAME = "$(TARGET_NAME)";
			};
			name = Debug;
		};
		DF8B9BB21C314ED100FCA90A /* Release */ = {
			isa = XCBuildConfiguration;
			buildSettings = {
				GCC_PREFIX_HEADER = "$(SRCROOT)/HuoYuan/HuoYuan-prefix.pch";
				INFOPLIST_FILE = HuoYuan/Info.plist;
				IPHONEOS_DEPLOYMENT_TARGET = 6.0;
				LD_RUNPATH_SEARCH_PATHS = "$(inherited) @executable_path/Frameworks";
				PRODUCT_BUNDLE_IDENTIFIER = com.qike.HuoYuan;
				PRODUCT_NAME = "$(TARGET_NAME)";
			};
			name = Release;
		};
		DF8B9BB41C314ED100FCA90A /* Debug */ = {
			isa = XCBuildConfiguration;
			buildSettings = {
				BUNDLE_LOADER = "$(TEST_HOST)";
				INFOPLIST_FILE = HuoYuanTests/Info.plist;
				LD_RUNPATH_SEARCH_PATHS = "$(inherited) @executable_path/Frameworks @loader_path/Frameworks";
				PRODUCT_BUNDLE_IDENTIFIER = com.piaojubao.HuoYuanTests;
				PRODUCT_NAME = "$(TARGET_NAME)";
				TEST_HOST = "$(BUILT_PRODUCTS_DIR)/HuoYuan.app/HuoYuan";
			};
			name = Debug;
		};
		DF8B9BB51C314ED100FCA90A /* Release */ = {
			isa = XCBuildConfiguration;
			buildSettings = {
				BUNDLE_LOADER = "$(TEST_HOST)";
				INFOPLIST_FILE = HuoYuanTests/Info.plist;
				LD_RUNPATH_SEARCH_PATHS = "$(inherited) @executable_path/Frameworks @loader_path/Frameworks";
				PRODUCT_BUNDLE_IDENTIFIER = com.piaojubao.HuoYuanTests;
				PRODUCT_NAME = "$(TARGET_NAME)";
				TEST_HOST = "$(BUILT_PRODUCTS_DIR)/HuoYuan.app/HuoYuan";
			};
			name = Release;
		};
/* End XCBuildConfiguration section */

/* Begin XCConfigurationList section */
		DF8B9B861C314ED100FCA90A /* Build configuration list for PBXProject "HuoYuan" */ = {
			isa = XCConfigurationList;
			buildConfigurations = (
				DF8B9BAE1C314ED100FCA90A /* Debug */,
				DF8B9BAF1C314ED100FCA90A /* Release */,
			);
			defaultConfigurationIsVisible = 0;
			defaultConfigurationName = Release;
		};
		DF8B9BB01C314ED100FCA90A /* Build configuration list for PBXNativeTarget "HuoYuan" */ = {
			isa = XCConfigurationList;
			buildConfigurations = (
				DF8B9BB11C314ED100FCA90A /* Debug */,
				DF8B9BB21C314ED100FCA90A /* Release */,
			);
			defaultConfigurationIsVisible = 0;
			defaultConfigurationName = Release;
		};
		DF8B9BB31C314ED100FCA90A /* Build configuration list for PBXNativeTarget "HuoYuanTests" */ = {
			isa = XCConfigurationList;
			buildConfigurations = (
				DF8B9BB41C314ED100FCA90A /* Debug */,
				DF8B9BB51C314ED100FCA90A /* Release */,
			);
			defaultConfigurationIsVisible = 0;
			defaultConfigurationName = Release;
		};
/* End XCConfigurationList section */

/* Begin XCVersionGroup section */
		DF8B9B9A1C314ED100FCA90A /* HuoYuan.xcdatamodeld */ = {
			isa = XCVersionGroup;
			children = (
				DF8B9B9B1C314ED100FCA90A /* HuoYuan.xcdatamodel */,
			);
			currentVersion = DF8B9B9B1C314ED100FCA90A /* HuoYuan.xcdatamodel */;
			path = HuoYuan.xcdatamodeld;
			sourceTree = "<group>";
			versionGroupType = wrapper.xcdatamodel;
		};
/* End XCVersionGroup section */
	};
	rootObject = DF8B9B831C314ED100FCA90A /* Project object */;
}
